PODS:
  - Alamofire (4.6.0)
  - FitAutoCoding (0.1.1)
  - FitRefresh (2.4.0)
  - Kingfisher (4.6.1)
  - MarkdownView (1.1.0)
  - Moya (10.0.1):
    - Moya/Core (= 10.0.1)
  - Moya/Core (10.0.1):
    - Alamofire (~> 4.1)
    - Result (~> 3.0)
  - Result (3.2.4)
  - SnapKit (4.0.0)
  - SwiftyJSON (4.0.0)

DEPENDENCIES:
  - Alamofire
  - FitAutoCoding
  - FitRefresh
  - Kingfisher
  - MarkdownView
  - Moya
  - SnapKit
  - SwiftyJSON

SPEC CHECKSUMS:
  Alamofire: f41a599bd63041760b26d393ec1069d9d7b917f4
  FitAutoCoding: fc0cf4812c494174526668736d1abae874b5d326
  FitRefresh: 0701ad82a52c2f8de3c9d6736147e614c3fabc07
  Kingfisher: 1f9157d9c02b380cbd0b7cc890161195164eb634
  MarkdownView: 80db8e9a27a6c6cc22615e644e3e85c06065bab7
  Moya: 9e621707ff754eeb51ff3ec51a3d54e517c0733a
  Result: d2d07204ce72856f1fd9130bbe42c35a7b0fea10
  SnapKit: a42d492c16e80209130a3379f73596c3454b7694
  SwiftyJSON: 070dabdcb1beb81b247c65ffa3a79dbbfb3b48aa

PODFILE CHECKSUM: c2be6ee3ca557276b3fb25d5a84b2e777a78d9a4

COCOAPODS: 1.3.1
