PODS:
  - Alamofire (5.4.4)
  - AlamofireNetworkActivityIndicator (3.1.0):
    - Alamofire (~> 5.1)
  - FitCoding (1.0.2)
  - FitRefresh (2.8.1)
  - Kingfisher (6.3.1)
  - MarkdownView (1.6.0)
  - Moya (15.0.0):
    - Moya/Core (= 15.0.0)
  - Moya/Core (15.0.0):
    - Alamofire (~> 5.0)
  - SnapKit (5.0.1)
  - SQLite.swift (0.13.1):
    - SQLite.swift/standard (= 0.13.1)
  - SQLite.swift/standard (0.13.1)
  - SwiftyJSON (5.0.1)

DEPENDENCIES:
  - Alamofire
  - AlamofireNetworkActivityIndicator
  - FitCoding
  - FitRefresh
  - Kingfisher
  - MarkdownView
  - Moya
  - SnapKit
  - SQLite.swift
  - SwiftyJSON

SPEC REPOS:
  trunk:
    - Alamofire
    - AlamofireNetworkActivityIndicator
    - FitCoding
    - FitRefresh
    - Kingfisher
    - MarkdownView
    - Moya
    - SnapKit
    - SQLite.swift
    - SwiftyJSON

SPEC CHECKSUMS:
  Alamofire: f3b09a368f1582ab751b3fff5460276e0d2cf5c9
  AlamofireNetworkActivityIndicator: 6564782bd7b9e6c430ae67d9277af01907b01ca4
  FitCoding: bf977092cfbb9f2d49866773d00691b7108c981b
  FitRefresh: cd07390701a71f0db53def2a8e243149dcc821a9
  Kingfisher: 016c8b653a35add51dd34a3aba36b580041acc74
  MarkdownView: 25c1c2d7ff9706624a575556296e188be3dd3f6b
  Moya: 138f0573e53411fb3dc17016add0b748dfbd78ee
  SnapKit: 97b92857e3df3a0c71833cce143274bf6ef8e5eb
  SQLite.swift: 30f2cdb09627181d472e55c4bc6b3b161f28de33
  SwiftyJSON: 2f33a42c6fbc52764d96f13368585094bfd8aa5e

PODFILE CHECKSUM: 3becd407e62a2994124f0de79f24e505312c8054

COCOAPODS: 1.11.2
