// !$*UTF8*$!
{
	archiveVersion = 1;
	classes = {
	};
	objectVersion = 48;
	objects = {

/* Begin PBXBuildFile section */
		11F41AE71FDC3BE700DD047E /* Localizable.strings in Resources */ = {isa = PBXBuildFile; fileRef = 11F41AE91FDC3BE700DD047E /* Localizable.strings */; };
		3D56D4B60E8D8CD0ECEEEF14 /* Pods_FitHub.framework in Frameworks */ = {isa = PBXBuildFile; fileRef = 684B0EFC6A9D30F55DF1A218 /* Pods_FitHub.framework */; };
		E70357641FE11163007571A3 /* DownArrowView.swift in Sources */ = {isa = PBXBuildFile; fileRef = E70357631FE11163007571A3 /* DownArrowView.swift */; };
		E727C65E1FCEA8DA00DC0BB7 /* EventModel.swift in Sources */ = {isa = PBXBuildFile; fileRef = E727C65D1FCEA8DA00DC0BB7 /* EventModel.swift */; };
		E72A3B431FE7B2E2005DCC90 /* LaunchViewController.swift in Sources */ = {isa = PBXBuildFile; fileRef = E72A3B421FE7B2E2005DCC90 /* LaunchViewController.swift */; };
		E72A3B451FE7B2F5005DCC90 /* LaunchViewController.storyboard in Resources */ = {isa = PBXBuildFile; fileRef = E72A3B441FE7B2F5005DCC90 /* LaunchViewController.storyboard */; };
		E72D4A0D200499BE00F2F0D0 /* LicenseModel.swift in Sources */ = {isa = PBXBuildFile; fileRef = E72D4A0C200499BE00F2F0D0 /* LicenseModel.swift */; };
		E72D4A0F20049DA500F2F0D0 /* LicenseViewController.swift in Sources */ = {isa = PBXBuildFile; fileRef = E72D4A0E20049DA500F2F0D0 /* LicenseViewController.swift */; };
		E72D4A1320049DC400F2F0D0 /* LicenseViewController.storyboard in Resources */ = {isa = PBXBuildFile; fileRef = E72D4A1220049DC400F2F0D0 /* LicenseViewController.storyboard */; };
		E72D4A152004A8BF00F2F0D0 /* WebViewController.swift in Sources */ = {isa = PBXBuildFile; fileRef = E72D4A142004A8BF00F2F0D0 /* WebViewController.swift */; };
		E72D4A172004A8D700F2F0D0 /* WebViewController.storyboard in Resources */ = {isa = PBXBuildFile; fileRef = E72D4A162004A8D700F2F0D0 /* WebViewController.storyboard */; };
		E72D4A222004B6B200F2F0D0 /* SourceTableViewController.swift in Sources */ = {isa = PBXBuildFile; fileRef = E72D4A212004B6B200F2F0D0 /* SourceTableViewController.swift */; };
		E72D4A242004B6B900F2F0D0 /* SourceTableViewController.storyboard in Resources */ = {isa = PBXBuildFile; fileRef = E72D4A232004B6B900F2F0D0 /* SourceTableViewController.storyboard */; };
		E72D4A272004B6F400F2F0D0 /* SourceTableViewCell.swift in Sources */ = {isa = PBXBuildFile; fileRef = E72D4A252004B6F400F2F0D0 /* SourceTableViewCell.swift */; };
		E72D4A282004B6F400F2F0D0 /* SourceTableViewCell.xib in Resources */ = {isa = PBXBuildFile; fileRef = E72D4A262004B6F400F2F0D0 /* SourceTableViewCell.xib */; };
		E72D4A2A2005AC5C00F2F0D0 /* UIViewController+Safari.swift in Sources */ = {isa = PBXBuildFile; fileRef = E72D4A292005AC5C00F2F0D0 /* UIViewController+Safari.swift */; };
		E72D4A2C2005DF5E00F2F0D0 /* String+QueryItemValue.swift in Sources */ = {isa = PBXBuildFile; fileRef = E72D4A2B2005DF5E00F2F0D0 /* String+QueryItemValue.swift */; };
		E73011B3200F2B5E00B43C68 /* OrgViewController.swift in Sources */ = {isa = PBXBuildFile; fileRef = E73011B2200F2B5E00B43C68 /* OrgViewController.swift */; };
		E73011B5200F2B8100B43C68 /* OrgViewController.storyboard in Resources */ = {isa = PBXBuildFile; fileRef = E73011B4200F2B8100B43C68 /* OrgViewController.storyboard */; };
		E73011BA200F301700B43C68 /* OrgsTableViewCell.swift in Sources */ = {isa = PBXBuildFile; fileRef = E73011B8200F301700B43C68 /* OrgsTableViewCell.swift */; };
		E73011BB200F301700B43C68 /* OrgsTableViewCell.xib in Resources */ = {isa = PBXBuildFile; fileRef = E73011B9200F301700B43C68 /* OrgsTableViewCell.xib */; };
		E73789861FC666FA003373B7 /* RepositoryModel.swift in Sources */ = {isa = PBXBuildFile; fileRef = E73789851FC666FA003373B7 /* RepositoryModel.swift */; };
		E7403DFF1FC3FCB0003054D7 /* BaseViewController.swift in Sources */ = {isa = PBXBuildFile; fileRef = E7403DFE1FC3FCB0003054D7 /* BaseViewController.swift */; };
		E7403E011FC3FCD4003054D7 /* BaseNavigationController.swift in Sources */ = {isa = PBXBuildFile; fileRef = E7403E001FC3FCD4003054D7 /* BaseNavigationController.swift */; };
		E7403E031FC3FCF5003054D7 /* TabBar.swift in Sources */ = {isa = PBXBuildFile; fileRef = E7403E021FC3FCF5003054D7 /* TabBar.swift */; };
		E7403E051FC3FD08003054D7 /* TabBarController.swift in Sources */ = {isa = PBXBuildFile; fileRef = E7403E041FC3FD08003054D7 /* TabBarController.swift */; };
		E7403E071FC3FD8D003054D7 /* HomeViewController.swift in Sources */ = {isa = PBXBuildFile; fileRef = E7403E061FC3FD8D003054D7 /* HomeViewController.swift */; };
		E7403E091FC3FDAC003054D7 /* MeViewController.swift in Sources */ = {isa = PBXBuildFile; fileRef = E7403E081FC3FDAC003054D7 /* MeViewController.swift */; };
		E7403E0B1FC3FE13003054D7 /* NavigationController.swift in Sources */ = {isa = PBXBuildFile; fileRef = E7403E0A1FC3FE13003054D7 /* NavigationController.swift */; };
		E7403E0D1FC4001D003054D7 /* NavigationBar.swift in Sources */ = {isa = PBXBuildFile; fileRef = E7403E0C1FC4001D003054D7 /* NavigationBar.swift */; };
		E742A5B71FCBB180002E8C0A /* UserDetailViewController.swift in Sources */ = {isa = PBXBuildFile; fileRef = E742A5B61FCBB180002E8C0A /* UserDetailViewController.swift */; };
		E742A5B91FCBB190002E8C0A /* UserDetailViewController.storyboard in Resources */ = {isa = PBXBuildFile; fileRef = E742A5B81FCBB190002E8C0A /* UserDetailViewController.storyboard */; };
		E746084D1FC510B800951AEF /* UICollectionView+FitHub.swift in Sources */ = {isa = PBXBuildFile; fileRef = E746084C1FC510B800951AEF /* UICollectionView+FitHub.swift */; };
		E746084F1FC5117B00951AEF /* UIImage+FitHub.swift in Sources */ = {isa = PBXBuildFile; fileRef = E746084E1FC5117B00951AEF /* UIImage+FitHub.swift */; };
		E74608511FC5151E00951AEF /* UIView+FitHub.swift in Sources */ = {isa = PBXBuildFile; fileRef = E74608501FC5151E00951AEF /* UIView+FitHub.swift */; };
		E74608531FC518E100951AEF /* UIColor+FitHub.swift in Sources */ = {isa = PBXBuildFile; fileRef = E74608521FC518E100951AEF /* UIColor+FitHub.swift */; };
		E74608551FC51B1500951AEF /* UIImageView+FitHub.swift in Sources */ = {isa = PBXBuildFile; fileRef = E74608541FC51B1500951AEF /* UIImageView+FitHub.swift */; };
		E74608571FC51D1300951AEF /* UITableView+FitHub.swift in Sources */ = {isa = PBXBuildFile; fileRef = E74608561FC51D1300951AEF /* UITableView+FitHub.swift */; };
		E746085B1FC541FF00951AEF /* NetworkManager.swift in Sources */ = {isa = PBXBuildFile; fileRef = E746085A1FC541FF00951AEF /* NetworkManager.swift */; };
		E746085D1FC551D100951AEF /* UserModel.swift in Sources */ = {isa = PBXBuildFile; fileRef = E746085C1FC551D100951AEF /* UserModel.swift */; };
		E74608601FC5769800951AEF /* UserTableViewCell.swift in Sources */ = {isa = PBXBuildFile; fileRef = E746085E1FC5769800951AEF /* UserTableViewCell.swift */; };
		E74608611FC5769800951AEF /* UserTableViewCell.xib in Resources */ = {isa = PBXBuildFile; fileRef = E746085F1FC5769800951AEF /* UserTableViewCell.xib */; };
		E74A4E651FF25B1B00AF8589 /* NSString+FitHub.swift in Sources */ = {isa = PBXBuildFile; fileRef = E74A4E641FF25B1B00AF8589 /* NSString+FitHub.swift */; };
		E74A4E671FF32FDE00AF8589 /* FontInfomation.swift in Sources */ = {isa = PBXBuildFile; fileRef = E74A4E661FF32FDE00AF8589 /* FontInfomation.swift */; };
		E75AC76D2003668400EEBF05 /* UsersTableViewController.swift in Sources */ = {isa = PBXBuildFile; fileRef = E75AC76C2003668400EEBF05 /* UsersTableViewController.swift */; };
		E75AC76F200366A500EEBF05 /* UsersTableViewController.storyboard in Resources */ = {isa = PBXBuildFile; fileRef = E75AC76E200366A500EEBF05 /* UsersTableViewController.storyboard */; };
		E75AC77120036A5400EEBF05 /* ReposTableViewController.swift in Sources */ = {isa = PBXBuildFile; fileRef = E75AC77020036A5400EEBF05 /* ReposTableViewController.swift */; };
		E75AC77320036A5E00EEBF05 /* ReposTableViewController.storyboard in Resources */ = {isa = PBXBuildFile; fileRef = E75AC77220036A5E00EEBF05 /* ReposTableViewController.storyboard */; };
		E76746F01FC6CBB30087A2DF /* RepositoriesTableViewCell.swift in Sources */ = {isa = PBXBuildFile; fileRef = E76746EE1FC6CBB30087A2DF /* RepositoriesTableViewCell.swift */; };
		E76746F11FC6CBB30087A2DF /* RepositoriesTableViewCell.xib in Resources */ = {isa = PBXBuildFile; fileRef = E76746EF1FC6CBB30087A2DF /* RepositoriesTableViewCell.xib */; };
		E767470C1FC7F4530087A2DF /* LanguageViewController.swift in Sources */ = {isa = PBXBuildFile; fileRef = E767470B1FC7F4530087A2DF /* LanguageViewController.swift */; };
		E767470E1FC7F4760087A2DF /* LanguageViewController.storyboard in Resources */ = {isa = PBXBuildFile; fileRef = E767470D1FC7F4760087A2DF /* LanguageViewController.storyboard */; };
		E767ED4B2008892A00BEC867 /* DispatchQueue+FitHub.swift in Sources */ = {isa = PBXBuildFile; fileRef = E767ED4A2008892A00BEC867 /* DispatchQueue+FitHub.swift */; };
		E767ED4D20088B3D00BEC867 /* UIViewController+Alert.swift in Sources */ = {isa = PBXBuildFile; fileRef = E767ED4C20088B3D00BEC867 /* UIViewController+Alert.swift */; };
		E767ED512008A32C00BEC867 /* UserSessionManager.swift in Sources */ = {isa = PBXBuildFile; fileRef = E767ED502008A32C00BEC867 /* UserSessionManager.swift */; };
		E77CE5431FBEC04500A120B2 /* AppDelegate.swift in Sources */ = {isa = PBXBuildFile; fileRef = E77CE5421FBEC04500A120B2 /* AppDelegate.swift */; };
		E77CE5481FBEC04500A120B2 /* Main.storyboard in Resources */ = {isa = PBXBuildFile; fileRef = E77CE5461FBEC04500A120B2 /* Main.storyboard */; };
		E77CE54D1FBEC04500A120B2 /* LaunchScreen.storyboard in Resources */ = {isa = PBXBuildFile; fileRef = E77CE54B1FBEC04500A120B2 /* LaunchScreen.storyboard */; };
		E77CE5581FBEC04500A120B2 /* FitHubTests.swift in Sources */ = {isa = PBXBuildFile; fileRef = E77CE5571FBEC04500A120B2 /* FitHubTests.swift */; };
		E77CE5631FBEC04500A120B2 /* FitHubUITests.swift in Sources */ = {isa = PBXBuildFile; fileRef = E77CE5621FBEC04500A120B2 /* FitHubUITests.swift */; };
		E782AD4F1FCF9BBA0054DA20 /* OrgModel.swift in Sources */ = {isa = PBXBuildFile; fileRef = E782AD4E1FCF9BBA0054DA20 /* OrgModel.swift */; };
		E782AD511FCFA04C0054DA20 /* PayloadModel.swift in Sources */ = {isa = PBXBuildFile; fileRef = E782AD501FCFA04C0054DA20 /* PayloadModel.swift */; };
		E782AD531FCFA5310054DA20 /* PullRequestModel.swift in Sources */ = {isa = PBXBuildFile; fileRef = E782AD521FCFA5310054DA20 /* PullRequestModel.swift */; };
		E782AD551FCFA70D0054DA20 /* CommentModel.swift in Sources */ = {isa = PBXBuildFile; fileRef = E782AD541FCFA70D0054DA20 /* CommentModel.swift */; };
		E782AD571FCFA7510054DA20 /* DeploymentModel.swift in Sources */ = {isa = PBXBuildFile; fileRef = E782AD561FCFA7510054DA20 /* DeploymentModel.swift */; };
		E782AD591FCFA9460054DA20 /* TeamModel.swift in Sources */ = {isa = PBXBuildFile; fileRef = E782AD581FCFA9460054DA20 /* TeamModel.swift */; };
		E782AD5C1FCFDB160054DA20 /* CityViewController.swift in Sources */ = {isa = PBXBuildFile; fileRef = E782AD5A1FCFDB160054DA20 /* CityViewController.swift */; };
		E78F4C142005F9E900CD35E6 /* ContentModel.swift in Sources */ = {isa = PBXBuildFile; fileRef = E78F4C132005F9E900CD35E6 /* ContentModel.swift */; };
		E78F4C162005FA9000CD35E6 /* LinkModel.swift in Sources */ = {isa = PBXBuildFile; fileRef = E78F4C152005FA9000CD35E6 /* LinkModel.swift */; };
		E78F4C18200611B900CD35E6 /* ReadmeViewController.swift in Sources */ = {isa = PBXBuildFile; fileRef = E78F4C17200611B900CD35E6 /* ReadmeViewController.swift */; };
		E796457B1FCD2E77006C9C1B /* LoginViewController.swift in Sources */ = {isa = PBXBuildFile; fileRef = E79645791FCD2E77006C9C1B /* LoginViewController.swift */; };
		E796457C1FCD2E77006C9C1B /* LoginViewController.xib in Resources */ = {isa = PBXBuildFile; fileRef = E796457A1FCD2E77006C9C1B /* LoginViewController.xib */; };
		E7A3A8101FF6166900B98AB5 /* Assets.xcassets in Resources */ = {isa = PBXBuildFile; fileRef = E7A3A80F1FF6166800B98AB5 /* Assets.xcassets */; };
		E7A3AA511FCE9E1A007AE295 /* EventsViewController.swift in Sources */ = {isa = PBXBuildFile; fileRef = E7A3AA501FCE9E1A007AE295 /* EventsViewController.swift */; };
		E7A6DF401FD5276C00EA3449 /* EventsTableViewCell.swift in Sources */ = {isa = PBXBuildFile; fileRef = E7A6DF3E1FD5276C00EA3449 /* EventsTableViewCell.swift */; };
		E7A6DF411FD5276C00EA3449 /* EventsTableViewCell.xib in Resources */ = {isa = PBXBuildFile; fileRef = E7A6DF3F1FD5276C00EA3449 /* EventsTableViewCell.xib */; };
		E7A6DF431FD5466600EA3449 /* IssueModel.swift in Sources */ = {isa = PBXBuildFile; fileRef = E7A6DF421FD5466600EA3449 /* IssueModel.swift */; };
		E7B0F2B21FD7ED5200DE2E3F /* Logo.swift in Sources */ = {isa = PBXBuildFile; fileRef = E7B0F2B11FD7ED5200DE2E3F /* Logo.swift */; };
		E7B0F2B41FD7EF4700DE2E3F /* DarkLogoView.swift in Sources */ = {isa = PBXBuildFile; fileRef = E7B0F2B31FD7EF4700DE2E3F /* DarkLogoView.swift */; };
		E7B0F2B61FD7F0E600DE2E3F /* LightLogoView.swift in Sources */ = {isa = PBXBuildFile; fileRef = E7B0F2B51FD7F0E600DE2E3F /* LightLogoView.swift */; };
		E7B347A11FECF1B500A114E9 /* FitHud.swift in Sources */ = {isa = PBXBuildFile; fileRef = E7B347A01FECF1B500A114E9 /* FitHud.swift */; };
		E7B635271FFF4E130085CF9A /* OrgsViewController.swift in Sources */ = {isa = PBXBuildFile; fileRef = E7B635261FFF4E130085CF9A /* OrgsViewController.swift */; };
		E7B635291FFF4E1F0085CF9A /* OrgsViewController.storyboard in Resources */ = {isa = PBXBuildFile; fileRef = E7B635281FFF4E1F0085CF9A /* OrgsViewController.storyboard */; };
		E7D3CD6A1FD69CF500F96B99 /* AboutViewController.swift in Sources */ = {isa = PBXBuildFile; fileRef = E7D3CD691FD69CF500F96B99 /* AboutViewController.swift */; };
		E7D3CD6C1FD69D0300F96B99 /* AboutViewController.storyboard in Resources */ = {isa = PBXBuildFile; fileRef = E7D3CD6B1FD69D0300F96B99 /* AboutViewController.storyboard */; };
		E7E092371FFB2DD100AA18F6 /* String+FitHub.swift in Sources */ = {isa = PBXBuildFile; fileRef = E7E092361FFB2DD100AA18F6 /* String+FitHub.swift */; };
		E7E092391FFB30C000AA18F6 /* RepositoryViewController.swift in Sources */ = {isa = PBXBuildFile; fileRef = E7E092381FFB30C000AA18F6 /* RepositoryViewController.swift */; };
		E7E0923B1FFB30CB00AA18F6 /* RepositoryViewController.storyboard in Resources */ = {isa = PBXBuildFile; fileRef = E7E0923A1FFB30CB00AA18F6 /* RepositoryViewController.storyboard */; };
		E7F064E21FF4EA9700E3C7A8 /* SVGImage.swift in Sources */ = {isa = PBXBuildFile; fileRef = E7F064E11FF4EA9700E3C7A8 /* SVGImage.swift */; };
		E7F064E41FF4F51A00E3C7A8 /* LanguageColor.swift in Sources */ = {isa = PBXBuildFile; fileRef = E7F064E31FF4F51A00E3C7A8 /* LanguageColor.swift */; };
/* End PBXBuildFile section */

/* Begin PBXContainerItemProxy section */
		E77CE5541FBEC04500A120B2 /* PBXContainerItemProxy */ = {
			isa = PBXContainerItemProxy;
			containerPortal = E77CE5371FBEC04500A120B2 /* Project object */;
			proxyType = 1;
			remoteGlobalIDString = E77CE53E1FBEC04500A120B2;
			remoteInfo = FitHub;
		};
		E77CE55F1FBEC04500A120B2 /* PBXContainerItemProxy */ = {
			isa = PBXContainerItemProxy;
			containerPortal = E77CE5371FBEC04500A120B2 /* Project object */;
			proxyType = 1;
			remoteGlobalIDString = E77CE53E1FBEC04500A120B2;
			remoteInfo = FitHub;
		};
/* End PBXContainerItemProxy section */

/* Begin PBXFileReference section */
		11F41AE81FDC3BE700DD047E /* zh-Hans */ = {isa = PBXFileReference; lastKnownFileType = text.plist.strings; name = "zh-Hans"; path = "zh-Hans.lproj/Localizable.strings"; sourceTree = "<group>"; };
		11F41AEA1FDC3BF200DD047E /* en */ = {isa = PBXFileReference; lastKnownFileType = text.plist.strings; name = en; path = en.lproj/Localizable.strings; sourceTree = "<group>"; };
		684B0EFC6A9D30F55DF1A218 /* Pods_FitHub.framework */ = {isa = PBXFileReference; explicitFileType = wrapper.framework; includeInIndex = 0; path = Pods_FitHub.framework; sourceTree = BUILT_PRODUCTS_DIR; };
		6997D6C2A0F99CAC8347C059 /* Pods-FitHub.release.xcconfig */ = {isa = PBXFileReference; includeInIndex = 1; lastKnownFileType = text.xcconfig; name = "Pods-FitHub.release.xcconfig"; path = "Pods/Target Support Files/Pods-FitHub/Pods-FitHub.release.xcconfig"; sourceTree = "<group>"; };
		89905B76143CFD45D9D78DE2 /* Pods-FitHub.debug.xcconfig */ = {isa = PBXFileReference; includeInIndex = 1; lastKnownFileType = text.xcconfig; name = "Pods-FitHub.debug.xcconfig"; path = "Pods/Target Support Files/Pods-FitHub/Pods-FitHub.debug.xcconfig"; sourceTree = "<group>"; };
		E70357631FE11163007571A3 /* DownArrowView.swift */ = {isa = PBXFileReference; lastKnownFileType = sourcecode.swift; path = DownArrowView.swift; sourceTree = "<group>"; };
		E727C65D1FCEA8DA00DC0BB7 /* EventModel.swift */ = {isa = PBXFileReference; lastKnownFileType = sourcecode.swift; path = EventModel.swift; sourceTree = "<group>"; };
		E72A3B421FE7B2E2005DCC90 /* LaunchViewController.swift */ = {isa = PBXFileReference; lastKnownFileType = sourcecode.swift; path = LaunchViewController.swift; sourceTree = "<group>"; };
		E72A3B441FE7B2F5005DCC90 /* LaunchViewController.storyboard */ = {isa = PBXFileReference; lastKnownFileType = file.storyboard; path = LaunchViewController.storyboard; sourceTree = "<group>"; };
		E72D4A0C200499BE00F2F0D0 /* LicenseModel.swift */ = {isa = PBXFileReference; lastKnownFileType = sourcecode.swift; path = LicenseModel.swift; sourceTree = "<group>"; };
		E72D4A0E20049DA500F2F0D0 /* LicenseViewController.swift */ = {isa = PBXFileReference; lastKnownFileType = sourcecode.swift; path = LicenseViewController.swift; sourceTree = "<group>"; };
		E72D4A1220049DC400F2F0D0 /* LicenseViewController.storyboard */ = {isa = PBXFileReference; lastKnownFileType = file.storyboard; path = LicenseViewController.storyboard; sourceTree = "<group>"; };
		E72D4A142004A8BF00F2F0D0 /* WebViewController.swift */ = {isa = PBXFileReference; lastKnownFileType = sourcecode.swift; path = WebViewController.swift; sourceTree = "<group>"; };
		E72D4A162004A8D700F2F0D0 /* WebViewController.storyboard */ = {isa = PBXFileReference; lastKnownFileType = file.storyboard; path = WebViewController.storyboard; sourceTree = "<group>"; };
		E72D4A212004B6B200F2F0D0 /* SourceTableViewController.swift */ = {isa = PBXFileReference; lastKnownFileType = sourcecode.swift; path = SourceTableViewController.swift; sourceTree = "<group>"; };
		E72D4A232004B6B900F2F0D0 /* SourceTableViewController.storyboard */ = {isa = PBXFileReference; lastKnownFileType = file.storyboard; path = SourceTableViewController.storyboard; sourceTree = "<group>"; };
		E72D4A252004B6F400F2F0D0 /* SourceTableViewCell.swift */ = {isa = PBXFileReference; lastKnownFileType = sourcecode.swift; path = SourceTableViewCell.swift; sourceTree = "<group>"; };
		E72D4A262004B6F400F2F0D0 /* SourceTableViewCell.xib */ = {isa = PBXFileReference; lastKnownFileType = file.xib; path = SourceTableViewCell.xib; sourceTree = "<group>"; };
		E72D4A292005AC5C00F2F0D0 /* UIViewController+Safari.swift */ = {isa = PBXFileReference; lastKnownFileType = sourcecode.swift; path = "UIViewController+Safari.swift"; sourceTree = "<group>"; };
		E72D4A2B2005DF5E00F2F0D0 /* String+QueryItemValue.swift */ = {isa = PBXFileReference; lastKnownFileType = sourcecode.swift; path = "String+QueryItemValue.swift"; sourceTree = "<group>"; };
		E73011B2200F2B5E00B43C68 /* OrgViewController.swift */ = {isa = PBXFileReference; lastKnownFileType = sourcecode.swift; path = OrgViewController.swift; sourceTree = "<group>"; };
		E73011B4200F2B8100B43C68 /* OrgViewController.storyboard */ = {isa = PBXFileReference; lastKnownFileType = file.storyboard; path = OrgViewController.storyboard; sourceTree = "<group>"; };
		E73011B8200F301700B43C68 /* OrgsTableViewCell.swift */ = {isa = PBXFileReference; lastKnownFileType = sourcecode.swift; path = OrgsTableViewCell.swift; sourceTree = "<group>"; };
		E73011B9200F301700B43C68 /* OrgsTableViewCell.xib */ = {isa = PBXFileReference; lastKnownFileType = file.xib; path = OrgsTableViewCell.xib; sourceTree = "<group>"; };
		E73789851FC666FA003373B7 /* RepositoryModel.swift */ = {isa = PBXFileReference; lastKnownFileType = sourcecode.swift; path = RepositoryModel.swift; sourceTree = "<group>"; };
		E7403DFE1FC3FCB0003054D7 /* BaseViewController.swift */ = {isa = PBXFileReference; lastKnownFileType = sourcecode.swift; path = BaseViewController.swift; sourceTree = "<group>"; };
		E7403E001FC3FCD4003054D7 /* BaseNavigationController.swift */ = {isa = PBXFileReference; lastKnownFileType = sourcecode.swift; path = BaseNavigationController.swift; sourceTree = "<group>"; };
		E7403E021FC3FCF5003054D7 /* TabBar.swift */ = {isa = PBXFileReference; lastKnownFileType = sourcecode.swift; path = TabBar.swift; sourceTree = "<group>"; };
		E7403E041FC3FD08003054D7 /* TabBarController.swift */ = {isa = PBXFileReference; lastKnownFileType = sourcecode.swift; path = TabBarController.swift; sourceTree = "<group>"; };
		E7403E061FC3FD8D003054D7 /* HomeViewController.swift */ = {isa = PBXFileReference; lastKnownFileType = sourcecode.swift; path = HomeViewController.swift; sourceTree = "<group>"; };
		E7403E081FC3FDAC003054D7 /* MeViewController.swift */ = {isa = PBXFileReference; lastKnownFileType = sourcecode.swift; path = MeViewController.swift; sourceTree = "<group>"; };
		E7403E0A1FC3FE13003054D7 /* NavigationController.swift */ = {isa = PBXFileReference; lastKnownFileType = sourcecode.swift; path = NavigationController.swift; sourceTree = "<group>"; };
		E7403E0C1FC4001D003054D7 /* NavigationBar.swift */ = {isa = PBXFileReference; lastKnownFileType = sourcecode.swift; path = NavigationBar.swift; sourceTree = "<group>"; };
		E742A5B61FCBB180002E8C0A /* UserDetailViewController.swift */ = {isa = PBXFileReference; lastKnownFileType = sourcecode.swift; path = UserDetailViewController.swift; sourceTree = "<group>"; };
		E742A5B81FCBB190002E8C0A /* UserDetailViewController.storyboard */ = {isa = PBXFileReference; lastKnownFileType = file.storyboard; path = UserDetailViewController.storyboard; sourceTree = "<group>"; };
		E746084C1FC510B800951AEF /* UICollectionView+FitHub.swift */ = {isa = PBXFileReference; lastKnownFileType = sourcecode.swift; path = "UICollectionView+FitHub.swift"; sourceTree = "<group>"; };
		E746084E1FC5117B00951AEF /* UIImage+FitHub.swift */ = {isa = PBXFileReference; lastKnownFileType = sourcecode.swift; path = "UIImage+FitHub.swift"; sourceTree = "<group>"; };
		E74608501FC5151E00951AEF /* UIView+FitHub.swift */ = {isa = PBXFileReference; lastKnownFileType = sourcecode.swift; path = "UIView+FitHub.swift"; sourceTree = "<group>"; };
		E74608521FC518E100951AEF /* UIColor+FitHub.swift */ = {isa = PBXFileReference; lastKnownFileType = sourcecode.swift; path = "UIColor+FitHub.swift"; sourceTree = "<group>"; };
		E74608541FC51B1500951AEF /* UIImageView+FitHub.swift */ = {isa = PBXFileReference; lastKnownFileType = sourcecode.swift; path = "UIImageView+FitHub.swift"; sourceTree = "<group>"; };
		E74608561FC51D1300951AEF /* UITableView+FitHub.swift */ = {isa = PBXFileReference; lastKnownFileType = sourcecode.swift; path = "UITableView+FitHub.swift"; sourceTree = "<group>"; };
		E746085A1FC541FF00951AEF /* NetworkManager.swift */ = {isa = PBXFileReference; lastKnownFileType = sourcecode.swift; path = NetworkManager.swift; sourceTree = "<group>"; };
		E746085C1FC551D100951AEF /* UserModel.swift */ = {isa = PBXFileReference; lastKnownFileType = sourcecode.swift; path = UserModel.swift; sourceTree = "<group>"; };
		E746085E1FC5769800951AEF /* UserTableViewCell.swift */ = {isa = PBXFileReference; lastKnownFileType = sourcecode.swift; path = UserTableViewCell.swift; sourceTree = "<group>"; };
		E746085F1FC5769800951AEF /* UserTableViewCell.xib */ = {isa = PBXFileReference; lastKnownFileType = file.xib; path = UserTableViewCell.xib; sourceTree = "<group>"; };
		E74A4E641FF25B1B00AF8589 /* NSString+FitHub.swift */ = {isa = PBXFileReference; lastKnownFileType = sourcecode.swift; path = "NSString+FitHub.swift"; sourceTree = "<group>"; };
		E74A4E661FF32FDE00AF8589 /* FontInfomation.swift */ = {isa = PBXFileReference; lastKnownFileType = sourcecode.swift; path = FontInfomation.swift; sourceTree = "<group>"; };
		E75AC76C2003668400EEBF05 /* UsersTableViewController.swift */ = {isa = PBXFileReference; lastKnownFileType = sourcecode.swift; path = UsersTableViewController.swift; sourceTree = "<group>"; };
		E75AC76E200366A500EEBF05 /* UsersTableViewController.storyboard */ = {isa = PBXFileReference; lastKnownFileType = file.storyboard; path = UsersTableViewController.storyboard; sourceTree = "<group>"; };
		E75AC77020036A5400EEBF05 /* ReposTableViewController.swift */ = {isa = PBXFileReference; lastKnownFileType = sourcecode.swift; path = ReposTableViewController.swift; sourceTree = "<group>"; };
		E75AC77220036A5E00EEBF05 /* ReposTableViewController.storyboard */ = {isa = PBXFileReference; lastKnownFileType = file.storyboard; path = ReposTableViewController.storyboard; sourceTree = "<group>"; };
		E76746EE1FC6CBB30087A2DF /* RepositoriesTableViewCell.swift */ = {isa = PBXFileReference; lastKnownFileType = sourcecode.swift; path = RepositoriesTableViewCell.swift; sourceTree = "<group>"; };
		E76746EF1FC6CBB30087A2DF /* RepositoriesTableViewCell.xib */ = {isa = PBXFileReference; lastKnownFileType = file.xib; path = RepositoriesTableViewCell.xib; sourceTree = "<group>"; };
		E767470B1FC7F4530087A2DF /* LanguageViewController.swift */ = {isa = PBXFileReference; lastKnownFileType = sourcecode.swift; path = LanguageViewController.swift; sourceTree = "<group>"; };
		E767470D1FC7F4760087A2DF /* LanguageViewController.storyboard */ = {isa = PBXFileReference; lastKnownFileType = file.storyboard; path = LanguageViewController.storyboard; sourceTree = "<group>"; };
		E767ED4A2008892A00BEC867 /* DispatchQueue+FitHub.swift */ = {isa = PBXFileReference; lastKnownFileType = sourcecode.swift; path = "DispatchQueue+FitHub.swift"; sourceTree = "<group>"; };
		E767ED4C20088B3D00BEC867 /* UIViewController+Alert.swift */ = {isa = PBXFileReference; lastKnownFileType = sourcecode.swift; path = "UIViewController+Alert.swift"; sourceTree = "<group>"; };
		E767ED502008A32C00BEC867 /* UserSessionManager.swift */ = {isa = PBXFileReference; lastKnownFileType = sourcecode.swift; path = UserSessionManager.swift; sourceTree = "<group>"; };
		E77CE53F1FBEC04500A120B2 /* FitHub.app */ = {isa = PBXFileReference; explicitFileType = wrapper.application; includeInIndex = 0; path = FitHub.app; sourceTree = BUILT_PRODUCTS_DIR; };
		E77CE5421FBEC04500A120B2 /* AppDelegate.swift */ = {isa = PBXFileReference; lastKnownFileType = sourcecode.swift; path = AppDelegate.swift; sourceTree = "<group>"; };
		E77CE5471FBEC04500A120B2 /* Base */ = {isa = PBXFileReference; lastKnownFileType = file.storyboard; name = Base; path = Base.lproj/Main.storyboard; sourceTree = "<group>"; };
		E77CE54C1FBEC04500A120B2 /* Base */ = {isa = PBXFileReference; lastKnownFileType = file.storyboard; name = Base; path = Base.lproj/LaunchScreen.storyboard; sourceTree = "<group>"; };
		E77CE54E1FBEC04500A120B2 /* Info.plist */ = {isa = PBXFileReference; lastKnownFileType = text.plist.xml; path = Info.plist; sourceTree = "<group>"; };
		E77CE5531FBEC04500A120B2 /* FitHubTests.xctest */ = {isa = PBXFileReference; explicitFileType = wrapper.cfbundle; includeInIndex = 0; path = FitHubTests.xctest; sourceTree = BUILT_PRODUCTS_DIR; };
		E77CE5571FBEC04500A120B2 /* FitHubTests.swift */ = {isa = PBXFileReference; lastKnownFileType = sourcecode.swift; path = FitHubTests.swift; sourceTree = "<group>"; };
		E77CE5591FBEC04500A120B2 /* Info.plist */ = {isa = PBXFileReference; lastKnownFileType = text.plist.xml; path = Info.plist; sourceTree = "<group>"; };
		E77CE55E1FBEC04500A120B2 /* FitHubUITests.xctest */ = {isa = PBXFileReference; explicitFileType = wrapper.cfbundle; includeInIndex = 0; path = FitHubUITests.xctest; sourceTree = BUILT_PRODUCTS_DIR; };
		E77CE5621FBEC04500A120B2 /* FitHubUITests.swift */ = {isa = PBXFileReference; lastKnownFileType = sourcecode.swift; path = FitHubUITests.swift; sourceTree = "<group>"; };
		E77CE5641FBEC04500A120B2 /* Info.plist */ = {isa = PBXFileReference; lastKnownFileType = text.plist.xml; path = Info.plist; sourceTree = "<group>"; };
		E782AD4E1FCF9BBA0054DA20 /* OrgModel.swift */ = {isa = PBXFileReference; lastKnownFileType = sourcecode.swift; path = OrgModel.swift; sourceTree = "<group>"; };
		E782AD501FCFA04C0054DA20 /* PayloadModel.swift */ = {isa = PBXFileReference; lastKnownFileType = sourcecode.swift; path = PayloadModel.swift; sourceTree = "<group>"; };
		E782AD521FCFA5310054DA20 /* PullRequestModel.swift */ = {isa = PBXFileReference; lastKnownFileType = sourcecode.swift; path = PullRequestModel.swift; sourceTree = "<group>"; };
		E782AD541FCFA70D0054DA20 /* CommentModel.swift */ = {isa = PBXFileReference; lastKnownFileType = sourcecode.swift; path = CommentModel.swift; sourceTree = "<group>"; };
		E782AD561FCFA7510054DA20 /* DeploymentModel.swift */ = {isa = PBXFileReference; lastKnownFileType = sourcecode.swift; path = DeploymentModel.swift; sourceTree = "<group>"; };
		E782AD581FCFA9460054DA20 /* TeamModel.swift */ = {isa = PBXFileReference; lastKnownFileType = sourcecode.swift; path = TeamModel.swift; sourceTree = "<group>"; };
		E782AD5A1FCFDB160054DA20 /* CityViewController.swift */ = {isa = PBXFileReference; lastKnownFileType = sourcecode.swift; path = CityViewController.swift; sourceTree = "<group>"; };
		E78F4C132005F9E900CD35E6 /* ContentModel.swift */ = {isa = PBXFileReference; lastKnownFileType = sourcecode.swift; path = ContentModel.swift; sourceTree = "<group>"; };
		E78F4C152005FA9000CD35E6 /* LinkModel.swift */ = {isa = PBXFileReference; lastKnownFileType = sourcecode.swift; path = LinkModel.swift; sourceTree = "<group>"; };
		E78F4C17200611B900CD35E6 /* ReadmeViewController.swift */ = {isa = PBXFileReference; lastKnownFileType = sourcecode.swift; path = ReadmeViewController.swift; sourceTree = "<group>"; };
		E79645791FCD2E77006C9C1B /* LoginViewController.swift */ = {isa = PBXFileReference; lastKnownFileType = sourcecode.swift; path = LoginViewController.swift; sourceTree = "<group>"; };
		E796457A1FCD2E77006C9C1B /* LoginViewController.xib */ = {isa = PBXFileReference; lastKnownFileType = file.xib; path = LoginViewController.xib; sourceTree = "<group>"; };
		E7A3A80F1FF6166800B98AB5 /* Assets.xcassets */ = {isa = PBXFileReference; lastKnownFileType = folder.assetcatalog; path = Assets.xcassets; sourceTree = "<group>"; };
		E7A3AA501FCE9E1A007AE295 /* EventsViewController.swift */ = {isa = PBXFileReference; lastKnownFileType = sourcecode.swift; path = EventsViewController.swift; sourceTree = "<group>"; };
		E7A6DF3E1FD5276C00EA3449 /* EventsTableViewCell.swift */ = {isa = PBXFileReference; lastKnownFileType = sourcecode.swift; path = EventsTableViewCell.swift; sourceTree = "<group>"; };
		E7A6DF3F1FD5276C00EA3449 /* EventsTableViewCell.xib */ = {isa = PBXFileReference; lastKnownFileType = file.xib; path = EventsTableViewCell.xib; sourceTree = "<group>"; };
		E7A6DF421FD5466600EA3449 /* IssueModel.swift */ = {isa = PBXFileReference; lastKnownFileType = sourcecode.swift; path = IssueModel.swift; sourceTree = "<group>"; };
		E7B0F2B11FD7ED5200DE2E3F /* Logo.swift */ = {isa = PBXFileReference; fileEncoding = 4; lastKnownFileType = sourcecode.swift; path = Logo.swift; sourceTree = "<group>"; };
		E7B0F2B31FD7EF4700DE2E3F /* DarkLogoView.swift */ = {isa = PBXFileReference; lastKnownFileType = sourcecode.swift; path = DarkLogoView.swift; sourceTree = "<group>"; };
		E7B0F2B51FD7F0E600DE2E3F /* LightLogoView.swift */ = {isa = PBXFileReference; lastKnownFileType = sourcecode.swift; path = LightLogoView.swift; sourceTree = "<group>"; };
		E7B347A01FECF1B500A114E9 /* FitHud.swift */ = {isa = PBXFileReference; lastKnownFileType = sourcecode.swift; path = FitHud.swift; sourceTree = "<group>"; };
		E7B635261FFF4E130085CF9A /* OrgsViewController.swift */ = {isa = PBXFileReference; lastKnownFileType = sourcecode.swift; path = OrgsViewController.swift; sourceTree = "<group>"; };
		E7B635281FFF4E1F0085CF9A /* OrgsViewController.storyboard */ = {isa = PBXFileReference; lastKnownFileType = file.storyboard; path = OrgsViewController.storyboard; sourceTree = "<group>"; };
		E7D3CD691FD69CF500F96B99 /* AboutViewController.swift */ = {isa = PBXFileReference; lastKnownFileType = sourcecode.swift; path = AboutViewController.swift; sourceTree = "<group>"; };
		E7D3CD6B1FD69D0300F96B99 /* AboutViewController.storyboard */ = {isa = PBXFileReference; lastKnownFileType = file.storyboard; path = AboutViewController.storyboard; sourceTree = "<group>"; };
		E7E092361FFB2DD100AA18F6 /* String+FitHub.swift */ = {isa = PBXFileReference; lastKnownFileType = sourcecode.swift; path = "String+FitHub.swift"; sourceTree = "<group>"; };
		E7E092381FFB30C000AA18F6 /* RepositoryViewController.swift */ = {isa = PBXFileReference; lastKnownFileType = sourcecode.swift; path = RepositoryViewController.swift; sourceTree = "<group>"; };
		E7E0923A1FFB30CB00AA18F6 /* RepositoryViewController.storyboard */ = {isa = PBXFileReference; lastKnownFileType = file.storyboard; path = RepositoryViewController.storyboard; sourceTree = "<group>"; };
		E7F064E11FF4EA9700E3C7A8 /* SVGImage.swift */ = {isa = PBXFileReference; lastKnownFileType = sourcecode.swift; path = SVGImage.swift; sourceTree = "<group>"; };
		E7F064E31FF4F51A00E3C7A8 /* LanguageColor.swift */ = {isa = PBXFileReference; lastKnownFileType = sourcecode.swift; path = LanguageColor.swift; sourceTree = "<group>"; };
/* End PBXFileReference section */

/* Begin PBXFrameworksBuildPhase section */
		E77CE53C1FBEC04500A120B2 /* Frameworks */ = {
			isa = PBXFrameworksBuildPhase;
			buildActionMask = 2147483647;
			files = (
				3D56D4B60E8D8CD0ECEEEF14 /* Pods_FitHub.framework in Frameworks */,
			);
			runOnlyForDeploymentPostprocessing = 0;
		};
		E77CE5501FBEC04500A120B2 /* Frameworks */ = {
			isa = PBXFrameworksBuildPhase;
			buildActionMask = 2147483647;
			files = (
			);
			runOnlyForDeploymentPostprocessing = 0;
		};
		E77CE55B1FBEC04500A120B2 /* Frameworks */ = {
			isa = PBXFrameworksBuildPhase;
			buildActionMask = 2147483647;
			files = (
			);
			runOnlyForDeploymentPostprocessing = 0;
		};
/* End PBXFrameworksBuildPhase section */

/* Begin PBXGroup section */
		826199E039EDB83B64748FED /* Frameworks */ = {
			isa = PBXGroup;
			children = (
				684B0EFC6A9D30F55DF1A218 /* Pods_FitHub.framework */,
			);
			name = Frameworks;
			sourceTree = "<group>";
		};
		E72D4A0A2004939500F2F0D0 /* Issue */ = {
			isa = PBXGroup;
			children = (
			);
			path = Issue;
			sourceTree = "<group>";
		};
		E72D4A0B2004998300F2F0D0 /* License */ = {
			isa = PBXGroup;
			children = (
				E72D4A0C200499BE00F2F0D0 /* LicenseModel.swift */,
				E72D4A0E20049DA500F2F0D0 /* LicenseViewController.swift */,
				E72D4A1220049DC400F2F0D0 /* LicenseViewController.storyboard */,
			);
			path = License;
			sourceTree = "<group>";
		};
		E72D4A192004B16B00F2F0D0 /* Tool */ = {
			isa = PBXGroup;
			children = (
				E7B0F2B11FD7ED5200DE2E3F /* Logo.swift */,
				E7B0F2B31FD7EF4700DE2E3F /* DarkLogoView.swift */,
				E7B0F2B51FD7F0E600DE2E3F /* LightLogoView.swift */,
				E74A4E661FF32FDE00AF8589 /* FontInfomation.swift */,
				E7B347A01FECF1B500A114E9 /* FitHud.swift */,
				E7F064E11FF4EA9700E3C7A8 /* SVGImage.swift */,
				E7F064E31FF4F51A00E3C7A8 /* LanguageColor.swift */,
				E767ED502008A32C00BEC867 /* UserSessionManager.swift */,
				E746085A1FC541FF00951AEF /* NetworkManager.swift */,
			);
			path = Tool;
			sourceTree = "<group>";
		};
		E72D4A1C2004B65200F2F0D0 /* Source */ = {
			isa = PBXGroup;
			children = (
				E78F4C132005F9E900CD35E6 /* ContentModel.swift */,
				E78F4C152005FA9000CD35E6 /* LinkModel.swift */,
				E72D4A212004B6B200F2F0D0 /* SourceTableViewController.swift */,
				E72D4A232004B6B900F2F0D0 /* SourceTableViewController.storyboard */,
				E72D4A252004B6F400F2F0D0 /* SourceTableViewCell.swift */,
				E72D4A262004B6F400F2F0D0 /* SourceTableViewCell.xib */,
				E78F4C17200611B900CD35E6 /* ReadmeViewController.swift */,
			);
			path = Source;
			sourceTree = "<group>";
		};
		E73011BC200F380A00B43C68 /* Org */ = {
			isa = PBXGroup;
			children = (
				E782AD4E1FCF9BBA0054DA20 /* OrgModel.swift */,
				E7B635261FFF4E130085CF9A /* OrgsViewController.swift */,
				E7B635281FFF4E1F0085CF9A /* OrgsViewController.storyboard */,
				E73011B8200F301700B43C68 /* OrgsTableViewCell.swift */,
				E73011B9200F301700B43C68 /* OrgsTableViewCell.xib */,
				E73011B2200F2B5E00B43C68 /* OrgViewController.swift */,
				E73011B4200F2B8100B43C68 /* OrgViewController.storyboard */,
			);
			path = Org;
			sourceTree = "<group>";
		};
		E746084B1FC50F9C00951AEF /* Category */ = {
			isa = PBXGroup;
			children = (
				E746084C1FC510B800951AEF /* UICollectionView+FitHub.swift */,
				E74608561FC51D1300951AEF /* UITableView+FitHub.swift */,
				E746084E1FC5117B00951AEF /* UIImage+FitHub.swift */,
				E74608501FC5151E00951AEF /* UIView+FitHub.swift */,
				E74608521FC518E100951AEF /* UIColor+FitHub.swift */,
				E74608541FC51B1500951AEF /* UIImageView+FitHub.swift */,
				E74A4E641FF25B1B00AF8589 /* NSString+FitHub.swift */,
				E7E092361FFB2DD100AA18F6 /* String+FitHub.swift */,
				E72D4A292005AC5C00F2F0D0 /* UIViewController+Safari.swift */,
				E72D4A2B2005DF5E00F2F0D0 /* String+QueryItemValue.swift */,
				E767ED4A2008892A00BEC867 /* DispatchQueue+FitHub.swift */,
				E767ED4C20088B3D00BEC867 /* UIViewController+Alert.swift */,
			);
			path = Category;
			sourceTree = "<group>";
		};
		E77CE5361FBEC04500A120B2 = {
			isa = PBXGroup;
			children = (
				E77CE5411FBEC04500A120B2 /* FitHub */,
				E77CE5561FBEC04500A120B2 /* FitHubTests */,
				E77CE5611FBEC04500A120B2 /* FitHubUITests */,
				E77CE5401FBEC04500A120B2 /* Products */,
				F5EF5CCB3F07069AD11315EF /* Pods */,
				826199E039EDB83B64748FED /* Frameworks */,
			);
			sourceTree = "<group>";
		};
		E77CE5401FBEC04500A120B2 /* Products */ = {
			isa = PBXGroup;
			children = (
				E77CE53F1FBEC04500A120B2 /* FitHub.app */,
				E77CE5531FBEC04500A120B2 /* FitHubTests.xctest */,
				E77CE55E1FBEC04500A120B2 /* FitHubUITests.xctest */,
			);
			name = Products;
			sourceTree = "<group>";
		};
		E77CE5411FBEC04500A120B2 /* FitHub */ = {
			isa = PBXGroup;
			children = (
				E746084B1FC50F9C00951AEF /* Category */,
				E72D4A192004B16B00F2F0D0 /* Tool */,
				E7A3AA4E1FCE99DC007AE295 /* Main */,
				E7A3AA4D1FCE99B1007AE295 /* User */,
				E73011BC200F380A00B43C68 /* Org */,
				E7A3AA4C1FCE998E007AE295 /* Repository */,
				E7A3AA521FCE9E27007AE295 /* Events */,
				E72D4A1C2004B65200F2F0D0 /* Source */,
				E72D4A0A2004939500F2F0D0 /* Issue */,
				E72D4A0B2004998300F2F0D0 /* License */,
				E7A3AA4F1FCE99F4007AE295 /* Login */,
				E7D3CD681FD69CB300F96B99 /* Setting */,
				E77CE5421FBEC04500A120B2 /* AppDelegate.swift */,
				E77CE54B1FBEC04500A120B2 /* LaunchScreen.storyboard */,
				E7A3A80F1FF6166800B98AB5 /* Assets.xcassets */,
				11F41AE91FDC3BE700DD047E /* Localizable.strings */,
				E77CE54E1FBEC04500A120B2 /* Info.plist */,
			);
			path = FitHub;
			sourceTree = "<group>";
		};
		E77CE5561FBEC04500A120B2 /* FitHubTests */ = {
			isa = PBXGroup;
			children = (
				E77CE5571FBEC04500A120B2 /* FitHubTests.swift */,
				E77CE5591FBEC04500A120B2 /* Info.plist */,
			);
			path = FitHubTests;
			sourceTree = "<group>";
		};
		E77CE5611FBEC04500A120B2 /* FitHubUITests */ = {
			isa = PBXGroup;
			children = (
				E77CE5621FBEC04500A120B2 /* FitHubUITests.swift */,
				E77CE5641FBEC04500A120B2 /* Info.plist */,
			);
			path = FitHubUITests;
			sourceTree = "<group>";
		};
		E7A3AA4C1FCE998E007AE295 /* Repository */ = {
			isa = PBXGroup;
			children = (
				E73789851FC666FA003373B7 /* RepositoryModel.swift */,
				E75AC77020036A5400EEBF05 /* ReposTableViewController.swift */,
				E75AC77220036A5E00EEBF05 /* ReposTableViewController.storyboard */,
				E76746EE1FC6CBB30087A2DF /* RepositoriesTableViewCell.swift */,
				E76746EF1FC6CBB30087A2DF /* RepositoriesTableViewCell.xib */,
				E7E092381FFB30C000AA18F6 /* RepositoryViewController.swift */,
				E7E0923A1FFB30CB00AA18F6 /* RepositoryViewController.storyboard */,
			);
			path = Repository;
			sourceTree = "<group>";
		};
		E7A3AA4D1FCE99B1007AE295 /* User */ = {
			isa = PBXGroup;
			children = (
				E746085C1FC551D100951AEF /* UserModel.swift */,
				E75AC76C2003668400EEBF05 /* UsersTableViewController.swift */,
				E75AC76E200366A500EEBF05 /* UsersTableViewController.storyboard */,
				E742A5B61FCBB180002E8C0A /* UserDetailViewController.swift */,
				E742A5B81FCBB190002E8C0A /* UserDetailViewController.storyboard */,
				E746085E1FC5769800951AEF /* UserTableViewCell.swift */,
				E746085F1FC5769800951AEF /* UserTableViewCell.xib */,
			);
			path = User;
			sourceTree = "<group>";
		};
		E7A3AA4E1FCE99DC007AE295 /* Main */ = {
			isa = PBXGroup;
			children = (
				E7403DFE1FC3FCB0003054D7 /* BaseViewController.swift */,
				E7403E001FC3FCD4003054D7 /* BaseNavigationController.swift */,
				E7403E0A1FC3FE13003054D7 /* NavigationController.swift */,
				E7403E021FC3FCF5003054D7 /* TabBar.swift */,
				E7403E0C1FC4001D003054D7 /* NavigationBar.swift */,
				E7403E041FC3FD08003054D7 /* TabBarController.swift */,
				E7403E061FC3FD8D003054D7 /* HomeViewController.swift */,
				E77CE5461FBEC04500A120B2 /* Main.storyboard */,
				E767470B1FC7F4530087A2DF /* LanguageViewController.swift */,
				E767470D1FC7F4760087A2DF /* LanguageViewController.storyboard */,
				E782AD5A1FCFDB160054DA20 /* CityViewController.swift */,
				E72A3B421FE7B2E2005DCC90 /* LaunchViewController.swift */,
				E72A3B441FE7B2F5005DCC90 /* LaunchViewController.storyboard */,
				E72D4A142004A8BF00F2F0D0 /* WebViewController.swift */,
				E72D4A162004A8D700F2F0D0 /* WebViewController.storyboard */,
			);
			path = Main;
			sourceTree = "<group>";
		};
		E7A3AA4F1FCE99F4007AE295 /* Login */ = {
			isa = PBXGroup;
			children = (
				E79645791FCD2E77006C9C1B /* LoginViewController.swift */,
				E796457A1FCD2E77006C9C1B /* LoginViewController.xib */,
			);
			path = Login;
			sourceTree = "<group>";
		};
		E7A3AA521FCE9E27007AE295 /* Events */ = {
			isa = PBXGroup;
			children = (
				E727C65D1FCEA8DA00DC0BB7 /* EventModel.swift */,
				E7A3AA501FCE9E1A007AE295 /* EventsViewController.swift */,
				E7A6DF3E1FD5276C00EA3449 /* EventsTableViewCell.swift */,
				E7A6DF3F1FD5276C00EA3449 /* EventsTableViewCell.xib */,
				E782AD501FCFA04C0054DA20 /* PayloadModel.swift */,
				E782AD521FCFA5310054DA20 /* PullRequestModel.swift */,
				E782AD541FCFA70D0054DA20 /* CommentModel.swift */,
				E782AD561FCFA7510054DA20 /* DeploymentModel.swift */,
				E7A6DF421FD5466600EA3449 /* IssueModel.swift */,
				E782AD581FCFA9460054DA20 /* TeamModel.swift */,
			);
			path = Events;
			sourceTree = "<group>";
		};
		E7D3CD681FD69CB300F96B99 /* Setting */ = {
			isa = PBXGroup;
			children = (
				E7403E081FC3FDAC003054D7 /* MeViewController.swift */,
				E7D3CD691FD69CF500F96B99 /* AboutViewController.swift */,
				E7D3CD6B1FD69D0300F96B99 /* AboutViewController.storyboard */,
				E70357631FE11163007571A3 /* DownArrowView.swift */,
			);
			path = Setting;
			sourceTree = "<group>";
		};
		F5EF5CCB3F07069AD11315EF /* Pods */ = {
			isa = PBXGroup;
			children = (
				89905B76143CFD45D9D78DE2 /* Pods-FitHub.debug.xcconfig */,
				6997D6C2A0F99CAC8347C059 /* Pods-FitHub.release.xcconfig */,
			);
			name = Pods;
			sourceTree = "<group>";
		};
/* End PBXGroup section */

/* Begin PBXNativeTarget section */
		E77CE53E1FBEC04500A120B2 /* FitHub */ = {
			isa = PBXNativeTarget;
			buildConfigurationList = E77CE5671FBEC04500A120B2 /* Build configuration list for PBXNativeTarget "FitHub" */;
			buildPhases = (
				6B0ED392EDC7346F04BE07AB /* [CP] Check Pods Manifest.lock */,
				E77CE53B1FBEC04500A120B2 /* Sources */,
				E77CE53C1FBEC04500A120B2 /* Frameworks */,
				E77CE53D1FBEC04500A120B2 /* Resources */,
				B7E452399CE94DEE8625E5F7 /* [CP] Embed Pods Frameworks */,
				7B955D9217D03353E191183D /* [CP] Copy Pods Resources */,
			);
			buildRules = (
			);
			dependencies = (
			);
			name = FitHub;
			productName = FitHub;
			productReference = E77CE53F1FBEC04500A120B2 /* FitHub.app */;
			productType = "com.apple.product-type.application";
		};
		E77CE5521FBEC04500A120B2 /* FitHubTests */ = {
			isa = PBXNativeTarget;
			buildConfigurationList = E77CE56A1FBEC04500A120B2 /* Build configuration list for PBXNativeTarget "FitHubTests" */;
			buildPhases = (
				E77CE54F1FBEC04500A120B2 /* Sources */,
				E77CE5501FBEC04500A120B2 /* Frameworks */,
				E77CE5511FBEC04500A120B2 /* Resources */,
			);
			buildRules = (
			);
			dependencies = (
				E77CE5551FBEC04500A120B2 /* PBXTargetDependency */,
			);
			name = FitHubTests;
			productName = FitHubTests;
			productReference = E77CE5531FBEC04500A120B2 /* FitHubTests.xctest */;
			productType = "com.apple.product-type.bundle.unit-test";
		};
		E77CE55D1FBEC04500A120B2 /* FitHubUITests */ = {
			isa = PBXNativeTarget;
			buildConfigurationList = E77CE56D1FBEC04500A120B2 /* Build configuration list for PBXNativeTarget "FitHubUITests" */;
			buildPhases = (
				E77CE55A1FBEC04500A120B2 /* Sources */,
				E77CE55B1FBEC04500A120B2 /* Frameworks */,
				E77CE55C1FBEC04500A120B2 /* Resources */,
			);
			buildRules = (
			);
			dependencies = (
				E77CE5601FBEC04500A120B2 /* PBXTargetDependency */,
			);
			name = FitHubUITests;
			productName = FitHubUITests;
			productReference = E77CE55E1FBEC04500A120B2 /* FitHubUITests.xctest */;
			productType = "com.apple.product-type.bundle.ui-testing";
		};
/* End PBXNativeTarget section */

/* Begin PBXProject section */
		E77CE5371FBEC04500A120B2 /* Project object */ = {
			isa = PBXProject;
			attributes = {
				LastSwiftUpdateCheck = 0910;
				LastUpgradeCheck = 0910;
				ORGANIZATIONNAME = cyrill.win;
				TargetAttributes = {
					E77CE53E1FBEC04500A120B2 = {
						CreatedOnToolsVersion = 9.1;
						ProvisioningStyle = Automatic;
					};
					E77CE5521FBEC04500A120B2 = {
						CreatedOnToolsVersion = 9.1;
						ProvisioningStyle = Automatic;
						TestTargetID = E77CE53E1FBEC04500A120B2;
					};
					E77CE55D1FBEC04500A120B2 = {
						CreatedOnToolsVersion = 9.1;
						ProvisioningStyle = Automatic;
						TestTargetID = E77CE53E1FBEC04500A120B2;
					};
				};
			};
			buildConfigurationList = E77CE53A1FBEC04500A120B2 /* Build configuration list for PBXProject "FitHub" */;
			compatibilityVersion = "Xcode 8.0";
			developmentRegion = en;
			hasScannedForEncodings = 0;
			knownRegions = (
				en,
				Base,
				"zh-Hans",
			);
			mainGroup = E77CE5361FBEC04500A120B2;
			productRefGroup = E77CE5401FBEC04500A120B2 /* Products */;
			projectDirPath = "";
			projectRoot = "";
			targets = (
				E77CE53E1FBEC04500A120B2 /* FitHub */,
				E77CE5521FBEC04500A120B2 /* FitHubTests */,
				E77CE55D1FBEC04500A120B2 /* FitHubUITests */,
			);
		};
/* End PBXProject section */

/* Begin PBXResourcesBuildPhase section */
		E77CE53D1FBEC04500A120B2 /* Resources */ = {
			isa = PBXResourcesBuildPhase;
			buildActionMask = 2147483647;
			files = (
				E72D4A172004A8D700F2F0D0 /* WebViewController.storyboard in Resources */,
				E73011B5200F2B8100B43C68 /* OrgViewController.storyboard in Resources */,
				E75AC77320036A5E00EEBF05 /* ReposTableViewController.storyboard in Resources */,
				E72A3B451FE7B2F5005DCC90 /* LaunchViewController.storyboard in Resources */,
				E77CE54D1FBEC04500A120B2 /* LaunchScreen.storyboard in Resources */,
				E7E0923B1FFB30CB00AA18F6 /* RepositoryViewController.storyboard in Resources */,
				E796457C1FCD2E77006C9C1B /* LoginViewController.xib in Resources */,
				E72D4A1320049DC400F2F0D0 /* LicenseViewController.storyboard in Resources */,
				E7D3CD6C1FD69D0300F96B99 /* AboutViewController.storyboard in Resources */,
				E742A5B91FCBB190002E8C0A /* UserDetailViewController.storyboard in Resources */,
				11F41AE71FDC3BE700DD047E /* Localizable.strings in Resources */,
				E76746F11FC6CBB30087A2DF /* RepositoriesTableViewCell.xib in Resources */,
				E77CE5481FBEC04500A120B2 /* Main.storyboard in Resources */,
				E72D4A242004B6B900F2F0D0 /* SourceTableViewController.storyboard in Resources */,
				E73011BB200F301700B43C68 /* OrgsTableViewCell.xib in Resources */,
				E767470E1FC7F4760087A2DF /* LanguageViewController.storyboard in Resources */,
				E7B635291FFF4E1F0085CF9A /* OrgsViewController.storyboard in Resources */,
				E7A6DF411FD5276C00EA3449 /* EventsTableViewCell.xib in Resources */,
				E72D4A282004B6F400F2F0D0 /* SourceTableViewCell.xib in Resources */,
				E75AC76F200366A500EEBF05 /* UsersTableViewController.storyboard in Resources */,
				E74608611FC5769800951AEF /* UserTableViewCell.xib in Resources */,
				E7A3A8101FF6166900B98AB5 /* Assets.xcassets in Resources */,
			);
			runOnlyForDeploymentPostprocessing = 0;
		};
		E77CE5511FBEC04500A120B2 /* Resources */ = {
			isa = PBXResourcesBuildPhase;
			buildActionMask = 2147483647;
			files = (
			);
			runOnlyForDeploymentPostprocessing = 0;
		};
		E77CE55C1FBEC04500A120B2 /* Resources */ = {
			isa = PBXResourcesBuildPhase;
			buildActionMask = 2147483647;
			files = (
			);
			runOnlyForDeploymentPostprocessing = 0;
		};
/* End PBXResourcesBuildPhase section */

/* Begin PBXShellScriptBuildPhase section */
		6B0ED392EDC7346F04BE07AB /* [CP] Check Pods Manifest.lock */ = {
			isa = PBXShellScriptBuildPhase;
			buildActionMask = 2147483647;
			files = (
			);
			inputPaths = (
				"${PODS_PODFILE_DIR_PATH}/Podfile.lock",
				"${PODS_ROOT}/Manifest.lock",
			);
			name = "[CP] Check Pods Manifest.lock";
			outputPaths = (
				"$(DERIVED_FILE_DIR)/Pods-FitHub-checkManifestLockResult.txt",
			);
			runOnlyForDeploymentPostprocessing = 0;
			shellPath = /bin/sh;
			shellScript = "diff \"${PODS_PODFILE_DIR_PATH}/Podfile.lock\" \"${PODS_ROOT}/Manifest.lock\" > /dev/null\nif [ $? != 0 ] ; then\n    # print error to STDERR\n    echo \"error: The sandbox is not in sync with the Podfile.lock. Run 'pod install' or update your CocoaPods installation.\" >&2\n    exit 1\nfi\n# This output is used by Xcode 'outputs' to avoid re-running this script phase.\necho \"SUCCESS\" > \"${SCRIPT_OUTPUT_FILE_0}\"\n";
			showEnvVarsInLog = 0;
		};
		7B955D9217D03353E191183D /* [CP] Copy Pods Resources */ = {
			isa = PBXShellScriptBuildPhase;
			buildActionMask = 2147483647;
			files = (
			);
			inputPaths = (
			);
			name = "[CP] Copy Pods Resources";
			outputPaths = (
			);
			runOnlyForDeploymentPostprocessing = 0;
			shellPath = /bin/sh;
			shellScript = "\"${SRCROOT}/Pods/Target Support Files/Pods-FitHub/Pods-FitHub-resources.sh\"\n";
			showEnvVarsInLog = 0;
		};
		B7E452399CE94DEE8625E5F7 /* [CP] Embed Pods Frameworks */ = {
			isa = PBXShellScriptBuildPhase;
			buildActionMask = 2147483647;
			files = (
			);
			inputPaths = (
				"${SRCROOT}/Pods/Target Support Files/Pods-FitHub/Pods-FitHub-frameworks.sh",
				"${BUILT_PRODUCTS_DIR}/Alamofire/Alamofire.framework",
				"${BUILT_PRODUCTS_DIR}/FitAutoCoding/FitAutoCoding.framework",
				"${BUILT_PRODUCTS_DIR}/FitRefresh/FitRefresh.framework",
				"${BUILT_PRODUCTS_DIR}/Kingfisher/Kingfisher.framework",
				"${BUILT_PRODUCTS_DIR}/MarkdownView/MarkdownView.framework",
				"${BUILT_PRODUCTS_DIR}/Moya/Moya.framework",
				"${BUILT_PRODUCTS_DIR}/Result/Result.framework",
				"${BUILT_PRODUCTS_DIR}/SnapKit/SnapKit.framework",
				"${BUILT_PRODUCTS_DIR}/SwiftyJSON/SwiftyJSON.framework",
			);
			name = "[CP] Embed Pods Frameworks";
			outputPaths = (
				"${TARGET_BUILD_DIR}/${FRAMEWORKS_FOLDER_PATH}/Alamofire.framework",
				"${TARGET_BUILD_DIR}/${FRAMEWORKS_FOLDER_PATH}/FitAutoCoding.framework",
				"${TARGET_BUILD_DIR}/${FRAMEWORKS_FOLDER_PATH}/FitRefresh.framework",
				"${TARGET_BUILD_DIR}/${FRAMEWORKS_FOLDER_PATH}/Kingfisher.framework",
				"${TARGET_BUILD_DIR}/${FRAMEWORKS_FOLDER_PATH}/MarkdownView.framework",
				"${TARGET_BUILD_DIR}/${FRAMEWORKS_FOLDER_PATH}/Moya.framework",
				"${TARGET_BUILD_DIR}/${FRAMEWORKS_FOLDER_PATH}/Result.framework",
				"${TARGET_BUILD_DIR}/${FRAMEWORKS_FOLDER_PATH}/SnapKit.framework",
				"${TARGET_BUILD_DIR}/${FRAMEWORKS_FOLDER_PATH}/SwiftyJSON.framework",
			);
			runOnlyForDeploymentPostprocessing = 0;
			shellPath = /bin/sh;
			shellScript = "\"${SRCROOT}/Pods/Target Support Files/Pods-FitHub/Pods-FitHub-frameworks.sh\"\n";
			showEnvVarsInLog = 0;
		};
/* End PBXShellScriptBuildPhase section */

/* Begin PBXSourcesBuildPhase section */
		E77CE53B1FBEC04500A120B2 /* Sources */ = {
			isa = PBXSourcesBuildPhase;
			buildActionMask = 2147483647;
			files = (
				E7403E011FC3FCD4003054D7 /* BaseNavigationController.swift in Sources */,
				E73789861FC666FA003373B7 /* RepositoryModel.swift in Sources */,
				E782AD591FCFA9460054DA20 /* TeamModel.swift in Sources */,
				E742A5B71FCBB180002E8C0A /* UserDetailViewController.swift in Sources */,
				E7E092391FFB30C000AA18F6 /* RepositoryViewController.swift in Sources */,
				E75AC76D2003668400EEBF05 /* UsersTableViewController.swift in Sources */,
				E7A3AA511FCE9E1A007AE295 /* EventsViewController.swift in Sources */,
				E7403E0B1FC3FE13003054D7 /* NavigationController.swift in Sources */,
				E74608531FC518E100951AEF /* UIColor+FitHub.swift in Sources */,
				E746084F1FC5117B00951AEF /* UIImage+FitHub.swift in Sources */,
				E72D4A2C2005DF5E00F2F0D0 /* String+QueryItemValue.swift in Sources */,
				E746085B1FC541FF00951AEF /* NetworkManager.swift in Sources */,
				E7F064E41FF4F51A00E3C7A8 /* LanguageColor.swift in Sources */,
				E72D4A152004A8BF00F2F0D0 /* WebViewController.swift in Sources */,
				E782AD511FCFA04C0054DA20 /* PayloadModel.swift in Sources */,
				E767470C1FC7F4530087A2DF /* LanguageViewController.swift in Sources */,
				E7A6DF431FD5466600EA3449 /* IssueModel.swift in Sources */,
				E746084D1FC510B800951AEF /* UICollectionView+FitHub.swift in Sources */,
				E74608511FC5151E00951AEF /* UIView+FitHub.swift in Sources */,
				E72D4A272004B6F400F2F0D0 /* SourceTableViewCell.swift in Sources */,
				E70357641FE11163007571A3 /* DownArrowView.swift in Sources */,
				E72A3B431FE7B2E2005DCC90 /* LaunchViewController.swift in Sources */,
				E7E092371FFB2DD100AA18F6 /* String+FitHub.swift in Sources */,
				E72D4A0F20049DA500F2F0D0 /* LicenseViewController.swift in Sources */,
				E7403E091FC3FDAC003054D7 /* MeViewController.swift in Sources */,
				E73011B3200F2B5E00B43C68 /* OrgViewController.swift in Sources */,
				E746085D1FC551D100951AEF /* UserModel.swift in Sources */,
				E796457B1FCD2E77006C9C1B /* LoginViewController.swift in Sources */,
				E72D4A0D200499BE00F2F0D0 /* LicenseModel.swift in Sources */,
				E74608571FC51D1300951AEF /* UITableView+FitHub.swift in Sources */,
				E74608601FC5769800951AEF /* UserTableViewCell.swift in Sources */,
				E73011BA200F301700B43C68 /* OrgsTableViewCell.swift in Sources */,
				E78F4C162005FA9000CD35E6 /* LinkModel.swift in Sources */,
				E77CE5431FBEC04500A120B2 /* AppDelegate.swift in Sources */,
				E72D4A2A2005AC5C00F2F0D0 /* UIViewController+Safari.swift in Sources */,
				E767ED4D20088B3D00BEC867 /* UIViewController+Alert.swift in Sources */,
				E7B635271FFF4E130085CF9A /* OrgsViewController.swift in Sources */,
				E7B347A11FECF1B500A114E9 /* FitHud.swift in Sources */,
				E7B0F2B21FD7ED5200DE2E3F /* Logo.swift in Sources */,
				E7403E051FC3FD08003054D7 /* TabBarController.swift in Sources */,
				E74A4E671FF32FDE00AF8589 /* FontInfomation.swift in Sources */,
				E7403E0D1FC4001D003054D7 /* NavigationBar.swift in Sources */,
				E7403DFF1FC3FCB0003054D7 /* BaseViewController.swift in Sources */,
				E76746F01FC6CBB30087A2DF /* RepositoriesTableViewCell.swift in Sources */,
				E7403E031FC3FCF5003054D7 /* TabBar.swift in Sources */,
				E74608551FC51B1500951AEF /* UIImageView+FitHub.swift in Sources */,
				E74A4E651FF25B1B00AF8589 /* NSString+FitHub.swift in Sources */,
				E7A6DF401FD5276C00EA3449 /* EventsTableViewCell.swift in Sources */,
				E782AD5C1FCFDB160054DA20 /* CityViewController.swift in Sources */,
				E782AD551FCFA70D0054DA20 /* CommentModel.swift in Sources */,
				E767ED512008A32C00BEC867 /* UserSessionManager.swift in Sources */,
				E75AC77120036A5400EEBF05 /* ReposTableViewController.swift in Sources */,
				E72D4A222004B6B200F2F0D0 /* SourceTableViewController.swift in Sources */,
				E7F064E21FF4EA9700E3C7A8 /* SVGImage.swift in Sources */,
				E78F4C142005F9E900CD35E6 /* ContentModel.swift in Sources */,
				E782AD531FCFA5310054DA20 /* PullRequestModel.swift in Sources */,
				E7D3CD6A1FD69CF500F96B99 /* AboutViewController.swift in Sources */,
				E7B0F2B61FD7F0E600DE2E3F /* LightLogoView.swift in Sources */,
				E78F4C18200611B900CD35E6 /* ReadmeViewController.swift in Sources */,
				E782AD571FCFA7510054DA20 /* DeploymentModel.swift in Sources */,
				E727C65E1FCEA8DA00DC0BB7 /* EventModel.swift in Sources */,
				E7B0F2B41FD7EF4700DE2E3F /* DarkLogoView.swift in Sources */,
				E767ED4B2008892A00BEC867 /* DispatchQueue+FitHub.swift in Sources */,
				E782AD4F1FCF9BBA0054DA20 /* OrgModel.swift in Sources */,
				E7403E071FC3FD8D003054D7 /* HomeViewController.swift in Sources */,
			);
			runOnlyForDeploymentPostprocessing = 0;
		};
		E77CE54F1FBEC04500A120B2 /* Sources */ = {
			isa = PBXSourcesBuildPhase;
			buildActionMask = 2147483647;
			files = (
				E77CE5581FBEC04500A120B2 /* FitHubTests.swift in Sources */,
			);
			runOnlyForDeploymentPostprocessing = 0;
		};
		E77CE55A1FBEC04500A120B2 /* Sources */ = {
			isa = PBXSourcesBuildPhase;
			buildActionMask = 2147483647;
			files = (
				E77CE5631FBEC04500A120B2 /* FitHubUITests.swift in Sources */,
			);
			runOnlyForDeploymentPostprocessing = 0;
		};
/* End PBXSourcesBuildPhase section */

/* Begin PBXTargetDependency section */
		E77CE5551FBEC04500A120B2 /* PBXTargetDependency */ = {
			isa = PBXTargetDependency;
			target = E77CE53E1FBEC04500A120B2 /* FitHub */;
			targetProxy = E77CE5541FBEC04500A120B2 /* PBXContainerItemProxy */;
		};
		E77CE5601FBEC04500A120B2 /* PBXTargetDependency */ = {
			isa = PBXTargetDependency;
			target = E77CE53E1FBEC04500A120B2 /* FitHub */;
			targetProxy = E77CE55F1FBEC04500A120B2 /* PBXContainerItemProxy */;
		};
/* End PBXTargetDependency section */

/* Begin PBXVariantGroup section */
		11F41AE91FDC3BE700DD047E /* Localizable.strings */ = {
			isa = PBXVariantGroup;
			children = (
				11F41AE81FDC3BE700DD047E /* zh-Hans */,
				11F41AEA1FDC3BF200DD047E /* en */,
			);
			name = Localizable.strings;
			sourceTree = "<group>";
		};
		E77CE5461FBEC04500A120B2 /* Main.storyboard */ = {
			isa = PBXVariantGroup;
			children = (
				E77CE5471FBEC04500A120B2 /* Base */,
			);
			name = Main.storyboard;
			sourceTree = "<group>";
		};
		E77CE54B1FBEC04500A120B2 /* LaunchScreen.storyboard */ = {
			isa = PBXVariantGroup;
			children = (
				E77CE54C1FBEC04500A120B2 /* Base */,
			);
			name = LaunchScreen.storyboard;
			sourceTree = "<group>";
		};
/* End PBXVariantGroup section */

/* Begin XCBuildConfiguration section */
		E77CE5651FBEC04500A120B2 /* Debug */ = {
			isa = XCBuildConfiguration;
			buildSettings = {
				ALWAYS_SEARCH_USER_PATHS = NO;
				CLANG_ANALYZER_LOCALIZABILITY_NONLOCALIZED = YES;
				CLANG_ANALYZER_NONNULL = YES;
				CLANG_ANALYZER_NUMBER_OBJECT_CONVERSION = YES_AGGRESSIVE;
				CLANG_CXX_LANGUAGE_STANDARD = "gnu++14";
				CLANG_CXX_LIBRARY = "libc++";
				CLANG_ENABLE_MODULES = YES;
				CLANG_ENABLE_OBJC_ARC = YES;
				CLANG_WARN_BLOCK_CAPTURE_AUTORELEASING = YES;
				CLANG_WARN_BOOL_CONVERSION = YES;
				CLANG_WARN_COMMA = YES;
				CLANG_WARN_CONSTANT_CONVERSION = YES;
				CLANG_WARN_DIRECT_OBJC_ISA_USAGE = YES_ERROR;
				CLANG_WARN_DOCUMENTATION_COMMENTS = YES;
				CLANG_WARN_EMPTY_BODY = YES;
				CLANG_WARN_ENUM_CONVERSION = YES;
				CLANG_WARN_INFINITE_RECURSION = YES;
				CLANG_WARN_INT_CONVERSION = YES;
				CLANG_WARN_NON_LITERAL_NULL_CONVERSION = YES;
				CLANG_WARN_OBJC_LITERAL_CONVERSION = YES;
				CLANG_WARN_OBJC_ROOT_CLASS = YES_ERROR;
				CLANG_WARN_RANGE_LOOP_ANALYSIS = YES;
				CLANG_WARN_STRICT_PROTOTYPES = YES;
				CLANG_WARN_SUSPICIOUS_MOVE = YES;
				CLANG_WARN_UNGUARDED_AVAILABILITY = YES_AGGRESSIVE;
				CLANG_WARN_UNREACHABLE_CODE = YES;
				CLANG_WARN__DUPLICATE_METHOD_MATCH = YES;
				CODE_SIGN_IDENTITY = "iPhone Developer";
				COPY_PHASE_STRIP = NO;
				DEBUG_INFORMATION_FORMAT = dwarf;
				ENABLE_STRICT_OBJC_MSGSEND = YES;
				ENABLE_TESTABILITY = YES;
				GCC_C_LANGUAGE_STANDARD = gnu11;
				GCC_DYNAMIC_NO_PIC = NO;
				GCC_NO_COMMON_BLOCKS = YES;
				GCC_OPTIMIZATION_LEVEL = 0;
				GCC_PREPROCESSOR_DEFINITIONS = (
					"DEBUG=1",
					"$(inherited)",
				);
				GCC_WARN_64_TO_32_BIT_CONVERSION = YES;
				GCC_WARN_ABOUT_RETURN_TYPE = YES_ERROR;
				GCC_WARN_UNDECLARED_SELECTOR = YES;
				GCC_WARN_UNINITIALIZED_AUTOS = YES_AGGRESSIVE;
				GCC_WARN_UNUSED_FUNCTION = YES;
				GCC_WARN_UNUSED_VARIABLE = YES;
				IPHONEOS_DEPLOYMENT_TARGET = 11.1;
				MTL_ENABLE_DEBUG_INFO = YES;
				ONLY_ACTIVE_ARCH = YES;
				SDKROOT = iphoneos;
				SWIFT_ACTIVE_COMPILATION_CONDITIONS = DEBUG;
				SWIFT_OPTIMIZATION_LEVEL = "-Onone";
			};
			name = Debug;
		};
		E77CE5661FBEC04500A120B2 /* Release */ = {
			isa = XCBuildConfiguration;
			buildSettings = {
				ALWAYS_SEARCH_USER_PATHS = NO;
				CLANG_ANALYZER_LOCALIZABILITY_NONLOCALIZED = YES;
				CLANG_ANALYZER_NONNULL = YES;
				CLANG_ANALYZER_NUMBER_OBJECT_CONVERSION = YES_AGGRESSIVE;
				CLANG_CXX_LANGUAGE_STANDARD = "gnu++14";
				CLANG_CXX_LIBRARY = "libc++";
				CLANG_ENABLE_MODULES = YES;
				CLANG_ENABLE_OBJC_ARC = YES;
				CLANG_WARN_BLOCK_CAPTURE_AUTORELEASING = YES;
				CLANG_WARN_BOOL_CONVERSION = YES;
				CLANG_WARN_COMMA = YES;
				CLANG_WARN_CONSTANT_CONVERSION = YES;
				CLANG_WARN_DIRECT_OBJC_ISA_USAGE = YES_ERROR;
				CLANG_WARN_DOCUMENTATION_COMMENTS = YES;
				CLANG_WARN_EMPTY_BODY = YES;
				CLANG_WARN_ENUM_CONVERSION = YES;
				CLANG_WARN_INFINITE_RECURSION = YES;
				CLANG_WARN_INT_CONVERSION = YES;
				CLANG_WARN_NON_LITERAL_NULL_CONVERSION = YES;
				CLANG_WARN_OBJC_LITERAL_CONVERSION = YES;
				CLANG_WARN_OBJC_ROOT_CLASS = YES_ERROR;
				CLANG_WARN_RANGE_LOOP_ANALYSIS = YES;
				CLANG_WARN_STRICT_PROTOTYPES = YES;
				CLANG_WARN_SUSPICIOUS_MOVE = YES;
				CLANG_WARN_UNGUARDED_AVAILABILITY = YES_AGGRESSIVE;
				CLANG_WARN_UNREACHABLE_CODE = YES;
				CLANG_WARN__DUPLICATE_METHOD_MATCH = YES;
				CODE_SIGN_IDENTITY = "iPhone Developer";
				COPY_PHASE_STRIP = NO;
				DEBUG_INFORMATION_FORMAT = "dwarf-with-dsym";
				ENABLE_NS_ASSERTIONS = NO;
				ENABLE_STRICT_OBJC_MSGSEND = YES;
				GCC_C_LANGUAGE_STANDARD = gnu11;
				GCC_NO_COMMON_BLOCKS = YES;
				GCC_WARN_64_TO_32_BIT_CONVERSION = YES;
				GCC_WARN_ABOUT_RETURN_TYPE = YES_ERROR;
				GCC_WARN_UNDECLARED_SELECTOR = YES;
				GCC_WARN_UNINITIALIZED_AUTOS = YES_AGGRESSIVE;
				GCC_WARN_UNUSED_FUNCTION = YES;
				GCC_WARN_UNUSED_VARIABLE = YES;
				IPHONEOS_DEPLOYMENT_TARGET = 11.1;
				MTL_ENABLE_DEBUG_INFO = NO;
				SDKROOT = iphoneos;
				SWIFT_OPTIMIZATION_LEVEL = "-Owholemodule";
				VALIDATE_PRODUCT = YES;
			};
			name = Release;
		};
		E77CE5681FBEC04500A120B2 /* Debug */ = {
			isa = XCBuildConfiguration;
			baseConfigurationReference = 89905B76143CFD45D9D78DE2 /* Pods-FitHub.debug.xcconfig */;
			buildSettings = {
				ASSETCATALOG_COMPILER_APPICON_NAME = AppIcon;
				"CODE_SIGN_IDENTITY[sdk=iphoneos*]" = "iPhone Developer";
				CODE_SIGN_STYLE = Automatic;
				DEVELOPMENT_TEAM = JXJV99SFC3;
				INFOPLIST_FILE = FitHub/Info.plist;
				IPHONEOS_DEPLOYMENT_TARGET = 11.0;
				LD_RUNPATH_SEARCH_PATHS = "$(inherited) @executable_path/Frameworks";
				PRODUCT_BUNDLE_IDENTIFIER = com.cyrill.FitHub;
				PRODUCT_NAME = "$(TARGET_NAME)";
				PROVISIONING_PROFILE_SPECIFIER = "";
				SWIFT_VERSION = 4.0;
				TARGETED_DEVICE_FAMILY = "1,2";
			};
			name = Debug;
		};
		E77CE5691FBEC04500A120B2 /* Release */ = {
			isa = XCBuildConfiguration;
			baseConfigurationReference = 6997D6C2A0F99CAC8347C059 /* Pods-FitHub.release.xcconfig */;
			buildSettings = {
				ASSETCATALOG_COMPILER_APPICON_NAME = AppIcon;
				"CODE_SIGN_IDENTITY[sdk=iphoneos*]" = "iPhone Developer";
				CODE_SIGN_STYLE = Automatic;
				DEVELOPMENT_TEAM = JXJV99SFC3;
				INFOPLIST_FILE = FitHub/Info.plist;
				IPHONEOS_DEPLOYMENT_TARGET = 11.0;
				LD_RUNPATH_SEARCH_PATHS = "$(inherited) @executable_path/Frameworks";
				PRODUCT_BUNDLE_IDENTIFIER = com.cyrill.FitHub;
				PRODUCT_NAME = "$(TARGET_NAME)";
				PROVISIONING_PROFILE_SPECIFIER = "";
				SWIFT_VERSION = 4.0;
				TARGETED_DEVICE_FAMILY = "1,2";
			};
			name = Release;
		};
		E77CE56B1FBEC04500A120B2 /* Debug */ = {
			isa = XCBuildConfiguration;
			buildSettings = {
				ALWAYS_EMBED_SWIFT_STANDARD_LIBRARIES = YES;
				BUNDLE_LOADER = "$(TEST_HOST)";
				CODE_SIGN_STYLE = Automatic;
				DEVELOPMENT_TEAM = 3SL26X62NP;
				INFOPLIST_FILE = FitHubTests/Info.plist;
				LD_RUNPATH_SEARCH_PATHS = "$(inherited) @executable_path/Frameworks @loader_path/Frameworks";
				PRODUCT_BUNDLE_IDENTIFIER = com.cyrill.FitHubTests;
				PRODUCT_NAME = "$(TARGET_NAME)";
				SWIFT_VERSION = 4.0;
				TARGETED_DEVICE_FAMILY = "1,2";
				TEST_HOST = "$(BUILT_PRODUCTS_DIR)/FitHub.app/FitHub";
			};
			name = Debug;
		};
		E77CE56C1FBEC04500A120B2 /* Release */ = {
			isa = XCBuildConfiguration;
			buildSettings = {
				ALWAYS_EMBED_SWIFT_STANDARD_LIBRARIES = YES;
				BUNDLE_LOADER = "$(TEST_HOST)";
				CODE_SIGN_STYLE = Automatic;
				DEVELOPMENT_TEAM = 3SL26X62NP;
				INFOPLIST_FILE = FitHubTests/Info.plist;
				LD_RUNPATH_SEARCH_PATHS = "$(inherited) @executable_path/Frameworks @loader_path/Frameworks";
				PRODUCT_BUNDLE_IDENTIFIER = com.cyrill.FitHubTests;
				PRODUCT_NAME = "$(TARGET_NAME)";
				SWIFT_VERSION = 4.0;
				TARGETED_DEVICE_FAMILY = "1,2";
				TEST_HOST = "$(BUILT_PRODUCTS_DIR)/FitHub.app/FitHub";
			};
			name = Release;
		};
		E77CE56E1FBEC04500A120B2 /* Debug */ = {
			isa = XCBuildConfiguration;
			buildSettings = {
				ALWAYS_EMBED_SWIFT_STANDARD_LIBRARIES = YES;
				CODE_SIGN_STYLE = Automatic;
				DEVELOPMENT_TEAM = 3SL26X62NP;
				INFOPLIST_FILE = FitHubUITests/Info.plist;
				LD_RUNPATH_SEARCH_PATHS = "$(inherited) @executable_path/Frameworks @loader_path/Frameworks";
				PRODUCT_BUNDLE_IDENTIFIER = com.cyrill.FitHubUITests;
				PRODUCT_NAME = "$(TARGET_NAME)";
				SWIFT_VERSION = 4.0;
				TARGETED_DEVICE_FAMILY = "1,2";
				TEST_TARGET_NAME = FitHub;
			};
			name = Debug;
		};
		E77CE56F1FBEC04500A120B2 /* Release */ = {
			isa = XCBuildConfiguration;
			buildSettings = {
				ALWAYS_EMBED_SWIFT_STANDARD_LIBRARIES = YES;
				CODE_SIGN_STYLE = Automatic;
				DEVELOPMENT_TEAM = 3SL26X62NP;
				INFOPLIST_FILE = FitHubUITests/Info.plist;
				LD_RUNPATH_SEARCH_PATHS = "$(inherited) @executable_path/Frameworks @loader_path/Frameworks";
				PRODUCT_BUNDLE_IDENTIFIER = com.cyrill.FitHubUITests;
				PRODUCT_NAME = "$(TARGET_NAME)";
				SWIFT_VERSION = 4.0;
				TARGETED_DEVICE_FAMILY = "1,2";
				TEST_TARGET_NAME = FitHub;
			};
			name = Release;
		};
/* End XCBuildConfiguration section */

/* Begin XCConfigurationList section */
		E77CE53A1FBEC04500A120B2 /* Build configuration list for PBXProject "FitHub" */ = {
			isa = XCConfigurationList;
			buildConfigurations = (
				E77CE5651FBEC04500A120B2 /* Debug */,
				E77CE5661FBEC04500A120B2 /* Release */,
			);
			defaultConfigurationIsVisible = 0;
			defaultConfigurationName = Release;
		};
		E77CE5671FBEC04500A120B2 /* Build configuration list for PBXNativeTarget "FitHub" */ = {
			isa = XCConfigurationList;
			buildConfigurations = (
				E77CE5681FBEC04500A120B2 /* Debug */,
				E77CE5691FBEC04500A120B2 /* Release */,
			);
			defaultConfigurationIsVisible = 0;
			defaultConfigurationName = Release;
		};
		E77CE56A1FBEC04500A120B2 /* Build configuration list for PBXNativeTarget "FitHubTests" */ = {
			isa = XCConfigurationList;
			buildConfigurations = (
				E77CE56B1FBEC04500A120B2 /* Debug */,
				E77CE56C1FBEC04500A120B2 /* Release */,
			);
			defaultConfigurationIsVisible = 0;
			defaultConfigurationName = Release;
		};
		E77CE56D1FBEC04500A120B2 /* Build configuration list for PBXNativeTarget "FitHubUITests" */ = {
			isa = XCConfigurationList;
			buildConfigurations = (
				E77CE56E1FBEC04500A120B2 /* Debug */,
				E77CE56F1FBEC04500A120B2 /* Release */,
			);
			defaultConfigurationIsVisible = 0;
			defaultConfigurationName = Release;
		};
/* End XCConfigurationList section */
	};
	rootObject = E77CE5371FBEC04500A120B2 /* Project object */;
}
