// !$*UTF8*$!
{
	archiveVersion = 1;
	classes = {
	};
	objectVersion = 48;
	objects = {

/* Begin PBXBuildFile section */
		3D56D4B60E8D8CD0ECEEEF14 /* Pods_FitHub.framework in Frameworks */ = {isa = PBXBuildFile; fileRef = 684B0EFC6A9D30F55DF1A218 /* Pods_FitHub.framework */; };
		E73789841FC65C05003373B7 /* UserDetailViewController.swift in Sources */ = {isa = PBXBuildFile; fileRef = E73789831FC65C05003373B7 /* UserDetailViewController.swift */; };
		E73789861FC666FA003373B7 /* RepositoryModel.swift in Sources */ = {isa = PBXBuildFile; fileRef = E73789851FC666FA003373B7 /* RepositoryModel.swift */; };
		E7403DFF1FC3FCB0003054D7 /* BaseViewController.swift in Sources */ = {isa = PBXBuildFile; fileRef = E7403DFE1FC3FCB0003054D7 /* BaseViewController.swift */; };
		E7403E011FC3FCD4003054D7 /* BaseNavigationController.swift in Sources */ = {isa = PBXBuildFile; fileRef = E7403E001FC3FCD4003054D7 /* BaseNavigationController.swift */; };
		E7403E031FC3FCF5003054D7 /* TabBar.swift in Sources */ = {isa = PBXBuildFile; fileRef = E7403E021FC3FCF5003054D7 /* TabBar.swift */; };
		E7403E051FC3FD08003054D7 /* TabBarController.swift in Sources */ = {isa = PBXBuildFile; fileRef = E7403E041FC3FD08003054D7 /* TabBarController.swift */; };
		E7403E071FC3FD8D003054D7 /* HomeViewController.swift in Sources */ = {isa = PBXBuildFile; fileRef = E7403E061FC3FD8D003054D7 /* HomeViewController.swift */; };
		E7403E091FC3FDAC003054D7 /* MeViewController.swift in Sources */ = {isa = PBXBuildFile; fileRef = E7403E081FC3FDAC003054D7 /* MeViewController.swift */; };
		E7403E0B1FC3FE13003054D7 /* NavigationController.swift in Sources */ = {isa = PBXBuildFile; fileRef = E7403E0A1FC3FE13003054D7 /* NavigationController.swift */; };
		E7403E0D1FC4001D003054D7 /* NavigationBar.swift in Sources */ = {isa = PBXBuildFile; fileRef = E7403E0C1FC4001D003054D7 /* NavigationBar.swift */; };
		E7403E0F1FC402FA003054D7 /* Home.storyboard in Resources */ = {isa = PBXBuildFile; fileRef = E7403E0E1FC402FA003054D7 /* Home.storyboard */; };
		E746084D1FC510B800951AEF /* UICollectionView+FitHub.swift in Sources */ = {isa = PBXBuildFile; fileRef = E746084C1FC510B800951AEF /* UICollectionView+FitHub.swift */; };
		E746084F1FC5117B00951AEF /* UIImage+FitHub.swift in Sources */ = {isa = PBXBuildFile; fileRef = E746084E1FC5117B00951AEF /* UIImage+FitHub.swift */; };
		E74608511FC5151E00951AEF /* UIView+FitHub.swift in Sources */ = {isa = PBXBuildFile; fileRef = E74608501FC5151E00951AEF /* UIView+FitHub.swift */; };
		E74608531FC518E100951AEF /* UIColor+FitHub.swift in Sources */ = {isa = PBXBuildFile; fileRef = E74608521FC518E100951AEF /* UIColor+FitHub.swift */; };
		E74608551FC51B1500951AEF /* UIImageView+FitHub.swift in Sources */ = {isa = PBXBuildFile; fileRef = E74608541FC51B1500951AEF /* UIImageView+FitHub.swift */; };
		E74608571FC51D1300951AEF /* UITableView+FitHub.swift in Sources */ = {isa = PBXBuildFile; fileRef = E74608561FC51D1300951AEF /* UITableView+FitHub.swift */; };
		E746085B1FC541FF00951AEF /* NetworkManager.swift in Sources */ = {isa = PBXBuildFile; fileRef = E746085A1FC541FF00951AEF /* NetworkManager.swift */; };
		E746085D1FC551D100951AEF /* UserModel.swift in Sources */ = {isa = PBXBuildFile; fileRef = E746085C1FC551D100951AEF /* UserModel.swift */; };
		E74608601FC5769800951AEF /* UserTableViewCell.swift in Sources */ = {isa = PBXBuildFile; fileRef = E746085E1FC5769800951AEF /* UserTableViewCell.swift */; };
		E74608611FC5769800951AEF /* UserTableViewCell.xib in Resources */ = {isa = PBXBuildFile; fileRef = E746085F1FC5769800951AEF /* UserTableViewCell.xib */; };
		E77CE5431FBEC04500A120B2 /* AppDelegate.swift in Sources */ = {isa = PBXBuildFile; fileRef = E77CE5421FBEC04500A120B2 /* AppDelegate.swift */; };
		E77CE5481FBEC04500A120B2 /* Main.storyboard in Resources */ = {isa = PBXBuildFile; fileRef = E77CE5461FBEC04500A120B2 /* Main.storyboard */; };
		E77CE54A1FBEC04500A120B2 /* Assets.xcassets in Resources */ = {isa = PBXBuildFile; fileRef = E77CE5491FBEC04500A120B2 /* Assets.xcassets */; };
		E77CE54D1FBEC04500A120B2 /* LaunchScreen.storyboard in Resources */ = {isa = PBXBuildFile; fileRef = E77CE54B1FBEC04500A120B2 /* LaunchScreen.storyboard */; };
		E77CE5581FBEC04500A120B2 /* FitHubTests.swift in Sources */ = {isa = PBXBuildFile; fileRef = E77CE5571FBEC04500A120B2 /* FitHubTests.swift */; };
		E77CE5631FBEC04500A120B2 /* FitHubUITests.swift in Sources */ = {isa = PBXBuildFile; fileRef = E77CE5621FBEC04500A120B2 /* FitHubUITests.swift */; };
/* End PBXBuildFile section */

/* Begin PBXContainerItemProxy section */
		E77CE5541FBEC04500A120B2 /* PBXContainerItemProxy */ = {
			isa = PBXContainerItemProxy;
			containerPortal = E77CE5371FBEC04500A120B2 /* Project object */;
			proxyType = 1;
			remoteGlobalIDString = E77CE53E1FBEC04500A120B2;
			remoteInfo = FitHub;
		};
		E77CE55F1FBEC04500A120B2 /* PBXContainerItemProxy */ = {
			isa = PBXContainerItemProxy;
			containerPortal = E77CE5371FBEC04500A120B2 /* Project object */;
			proxyType = 1;
			remoteGlobalIDString = E77CE53E1FBEC04500A120B2;
			remoteInfo = FitHub;
		};
/* End PBXContainerItemProxy section */

/* Begin PBXFileReference section */
		684B0EFC6A9D30F55DF1A218 /* Pods_FitHub.framework */ = {isa = PBXFileReference; explicitFileType = wrapper.framework; includeInIndex = 0; path = Pods_FitHub.framework; sourceTree = BUILT_PRODUCTS_DIR; };
		6997D6C2A0F99CAC8347C059 /* Pods-FitHub.release.xcconfig */ = {isa = PBXFileReference; includeInIndex = 1; lastKnownFileType = text.xcconfig; name = "Pods-FitHub.release.xcconfig"; path = "Pods/Target Support Files/Pods-FitHub/Pods-FitHub.release.xcconfig"; sourceTree = "<group>"; };
		89905B76143CFD45D9D78DE2 /* Pods-FitHub.debug.xcconfig */ = {isa = PBXFileReference; includeInIndex = 1; lastKnownFileType = text.xcconfig; name = "Pods-FitHub.debug.xcconfig"; path = "Pods/Target Support Files/Pods-FitHub/Pods-FitHub.debug.xcconfig"; sourceTree = "<group>"; };
		E73789831FC65C05003373B7 /* UserDetailViewController.swift */ = {isa = PBXFileReference; lastKnownFileType = sourcecode.swift; path = UserDetailViewController.swift; sourceTree = "<group>"; };
		E73789851FC666FA003373B7 /* RepositoryModel.swift */ = {isa = PBXFileReference; lastKnownFileType = sourcecode.swift; path = RepositoryModel.swift; sourceTree = "<group>"; };
		E7403DFE1FC3FCB0003054D7 /* BaseViewController.swift */ = {isa = PBXFileReference; lastKnownFileType = sourcecode.swift; path = BaseViewController.swift; sourceTree = "<group>"; };
		E7403E001FC3FCD4003054D7 /* BaseNavigationController.swift */ = {isa = PBXFileReference; lastKnownFileType = sourcecode.swift; path = BaseNavigationController.swift; sourceTree = "<group>"; };
		E7403E021FC3FCF5003054D7 /* TabBar.swift */ = {isa = PBXFileReference; lastKnownFileType = sourcecode.swift; path = TabBar.swift; sourceTree = "<group>"; };
		E7403E041FC3FD08003054D7 /* TabBarController.swift */ = {isa = PBXFileReference; lastKnownFileType = sourcecode.swift; path = TabBarController.swift; sourceTree = "<group>"; };
		E7403E061FC3FD8D003054D7 /* HomeViewController.swift */ = {isa = PBXFileReference; lastKnownFileType = sourcecode.swift; path = HomeViewController.swift; sourceTree = "<group>"; };
		E7403E081FC3FDAC003054D7 /* MeViewController.swift */ = {isa = PBXFileReference; lastKnownFileType = sourcecode.swift; path = MeViewController.swift; sourceTree = "<group>"; };
		E7403E0A1FC3FE13003054D7 /* NavigationController.swift */ = {isa = PBXFileReference; lastKnownFileType = sourcecode.swift; path = NavigationController.swift; sourceTree = "<group>"; };
		E7403E0C1FC4001D003054D7 /* NavigationBar.swift */ = {isa = PBXFileReference; lastKnownFileType = sourcecode.swift; path = NavigationBar.swift; sourceTree = "<group>"; };
		E7403E0E1FC402FA003054D7 /* Home.storyboard */ = {isa = PBXFileReference; lastKnownFileType = file.storyboard; path = Home.storyboard; sourceTree = "<group>"; };
		E746084C1FC510B800951AEF /* UICollectionView+FitHub.swift */ = {isa = PBXFileReference; lastKnownFileType = sourcecode.swift; path = "UICollectionView+FitHub.swift"; sourceTree = "<group>"; };
		E746084E1FC5117B00951AEF /* UIImage+FitHub.swift */ = {isa = PBXFileReference; lastKnownFileType = sourcecode.swift; path = "UIImage+FitHub.swift"; sourceTree = "<group>"; };
		E74608501FC5151E00951AEF /* UIView+FitHub.swift */ = {isa = PBXFileReference; lastKnownFileType = sourcecode.swift; path = "UIView+FitHub.swift"; sourceTree = "<group>"; };
		E74608521FC518E100951AEF /* UIColor+FitHub.swift */ = {isa = PBXFileReference; lastKnownFileType = sourcecode.swift; path = "UIColor+FitHub.swift"; sourceTree = "<group>"; };
		E74608541FC51B1500951AEF /* UIImageView+FitHub.swift */ = {isa = PBXFileReference; lastKnownFileType = sourcecode.swift; path = "UIImageView+FitHub.swift"; sourceTree = "<group>"; };
		E74608561FC51D1300951AEF /* UITableView+FitHub.swift */ = {isa = PBXFileReference; lastKnownFileType = sourcecode.swift; path = "UITableView+FitHub.swift"; sourceTree = "<group>"; };
		E746085A1FC541FF00951AEF /* NetworkManager.swift */ = {isa = PBXFileReference; lastKnownFileType = sourcecode.swift; path = NetworkManager.swift; sourceTree = "<group>"; };
		E746085C1FC551D100951AEF /* UserModel.swift */ = {isa = PBXFileReference; lastKnownFileType = sourcecode.swift; path = UserModel.swift; sourceTree = "<group>"; };
		E746085E1FC5769800951AEF /* UserTableViewCell.swift */ = {isa = PBXFileReference; lastKnownFileType = sourcecode.swift; path = UserTableViewCell.swift; sourceTree = "<group>"; };
		E746085F1FC5769800951AEF /* UserTableViewCell.xib */ = {isa = PBXFileReference; lastKnownFileType = file.xib; path = UserTableViewCell.xib; sourceTree = "<group>"; };
		E77CE53F1FBEC04500A120B2 /* FitHub.app */ = {isa = PBXFileReference; explicitFileType = wrapper.application; includeInIndex = 0; path = FitHub.app; sourceTree = BUILT_PRODUCTS_DIR; };
		E77CE5421FBEC04500A120B2 /* AppDelegate.swift */ = {isa = PBXFileReference; lastKnownFileType = sourcecode.swift; path = AppDelegate.swift; sourceTree = "<group>"; };
		E77CE5471FBEC04500A120B2 /* Base */ = {isa = PBXFileReference; lastKnownFileType = file.storyboard; name = Base; path = Base.lproj/Main.storyboard; sourceTree = "<group>"; };
		E77CE5491FBEC04500A120B2 /* Assets.xcassets */ = {isa = PBXFileReference; lastKnownFileType = folder.assetcatalog; path = Assets.xcassets; sourceTree = "<group>"; };
		E77CE54C1FBEC04500A120B2 /* Base */ = {isa = PBXFileReference; lastKnownFileType = file.storyboard; name = Base; path = Base.lproj/LaunchScreen.storyboard; sourceTree = "<group>"; };
		E77CE54E1FBEC04500A120B2 /* Info.plist */ = {isa = PBXFileReference; lastKnownFileType = text.plist.xml; path = Info.plist; sourceTree = "<group>"; };
		E77CE5531FBEC04500A120B2 /* FitHubTests.xctest */ = {isa = PBXFileReference; explicitFileType = wrapper.cfbundle; includeInIndex = 0; path = FitHubTests.xctest; sourceTree = BUILT_PRODUCTS_DIR; };
		E77CE5571FBEC04500A120B2 /* FitHubTests.swift */ = {isa = PBXFileReference; lastKnownFileType = sourcecode.swift; path = FitHubTests.swift; sourceTree = "<group>"; };
		E77CE5591FBEC04500A120B2 /* Info.plist */ = {isa = PBXFileReference; lastKnownFileType = text.plist.xml; path = Info.plist; sourceTree = "<group>"; };
		E77CE55E1FBEC04500A120B2 /* FitHubUITests.xctest */ = {isa = PBXFileReference; explicitFileType = wrapper.cfbundle; includeInIndex = 0; path = FitHubUITests.xctest; sourceTree = BUILT_PRODUCTS_DIR; };
		E77CE5621FBEC04500A120B2 /* FitHubUITests.swift */ = {isa = PBXFileReference; lastKnownFileType = sourcecode.swift; path = FitHubUITests.swift; sourceTree = "<group>"; };
		E77CE5641FBEC04500A120B2 /* Info.plist */ = {isa = PBXFileReference; lastKnownFileType = text.plist.xml; path = Info.plist; sourceTree = "<group>"; };
/* End PBXFileReference section */

/* Begin PBXFrameworksBuildPhase section */
		E77CE53C1FBEC04500A120B2 /* Frameworks */ = {
			isa = PBXFrameworksBuildPhase;
			buildActionMask = 2147483647;
			files = (
				3D56D4B60E8D8CD0ECEEEF14 /* Pods_FitHub.framework in Frameworks */,
			);
			runOnlyForDeploymentPostprocessing = 0;
		};
		E77CE5501FBEC04500A120B2 /* Frameworks */ = {
			isa = PBXFrameworksBuildPhase;
			buildActionMask = 2147483647;
			files = (
			);
			runOnlyForDeploymentPostprocessing = 0;
		};
		E77CE55B1FBEC04500A120B2 /* Frameworks */ = {
			isa = PBXFrameworksBuildPhase;
			buildActionMask = 2147483647;
			files = (
			);
			runOnlyForDeploymentPostprocessing = 0;
		};
/* End PBXFrameworksBuildPhase section */

/* Begin PBXGroup section */
		826199E039EDB83B64748FED /* Frameworks */ = {
			isa = PBXGroup;
			children = (
				684B0EFC6A9D30F55DF1A218 /* Pods_FitHub.framework */,
			);
			name = Frameworks;
			sourceTree = "<group>";
		};
		E746084B1FC50F9C00951AEF /* Category */ = {
			isa = PBXGroup;
			children = (
				E746084C1FC510B800951AEF /* UICollectionView+FitHub.swift */,
				E74608561FC51D1300951AEF /* UITableView+FitHub.swift */,
				E746084E1FC5117B00951AEF /* UIImage+FitHub.swift */,
				E74608501FC5151E00951AEF /* UIView+FitHub.swift */,
				E74608521FC518E100951AEF /* UIColor+FitHub.swift */,
				E74608541FC51B1500951AEF /* UIImageView+FitHub.swift */,
			);
			path = Category;
			sourceTree = "<group>";
		};
		E77CE5361FBEC04500A120B2 = {
			isa = PBXGroup;
			children = (
				E77CE5411FBEC04500A120B2 /* FitHub */,
				E77CE5561FBEC04500A120B2 /* FitHubTests */,
				E77CE5611FBEC04500A120B2 /* FitHubUITests */,
				E77CE5401FBEC04500A120B2 /* Products */,
				F5EF5CCB3F07069AD11315EF /* Pods */,
				826199E039EDB83B64748FED /* Frameworks */,
			);
			sourceTree = "<group>";
		};
		E77CE5401FBEC04500A120B2 /* Products */ = {
			isa = PBXGroup;
			children = (
				E77CE53F1FBEC04500A120B2 /* FitHub.app */,
				E77CE5531FBEC04500A120B2 /* FitHubTests.xctest */,
				E77CE55E1FBEC04500A120B2 /* FitHubUITests.xctest */,
			);
			name = Products;
			sourceTree = "<group>";
		};
		E77CE5411FBEC04500A120B2 /* FitHub */ = {
			isa = PBXGroup;
			children = (
				E77CE5421FBEC04500A120B2 /* AppDelegate.swift */,
				E7403DFE1FC3FCB0003054D7 /* BaseViewController.swift */,
				E7403E001FC3FCD4003054D7 /* BaseNavigationController.swift */,
				E7403E0A1FC3FE13003054D7 /* NavigationController.swift */,
				E7403E021FC3FCF5003054D7 /* TabBar.swift */,
				E7403E0C1FC4001D003054D7 /* NavigationBar.swift */,
				E7403E041FC3FD08003054D7 /* TabBarController.swift */,
				E7403E061FC3FD8D003054D7 /* HomeViewController.swift */,
				E73789831FC65C05003373B7 /* UserDetailViewController.swift */,
				E746085E1FC5769800951AEF /* UserTableViewCell.swift */,
				E746085F1FC5769800951AEF /* UserTableViewCell.xib */,
				E7403E0E1FC402FA003054D7 /* Home.storyboard */,
				E7403E081FC3FDAC003054D7 /* MeViewController.swift */,
				E77CE5461FBEC04500A120B2 /* Main.storyboard */,
				E77CE5491FBEC04500A120B2 /* Assets.xcassets */,
				E77CE54B1FBEC04500A120B2 /* LaunchScreen.storyboard */,
				E77CE54E1FBEC04500A120B2 /* Info.plist */,
				E746085C1FC551D100951AEF /* UserModel.swift */,
				E73789851FC666FA003373B7 /* RepositoryModel.swift */,
				E746085A1FC541FF00951AEF /* NetworkManager.swift */,
				E746084B1FC50F9C00951AEF /* Category */,
			);
			path = FitHub;
			sourceTree = "<group>";
		};
		E77CE5561FBEC04500A120B2 /* FitHubTests */ = {
			isa = PBXGroup;
			children = (
				E77CE5571FBEC04500A120B2 /* FitHubTests.swift */,
				E77CE5591FBEC04500A120B2 /* Info.plist */,
			);
			path = FitHubTests;
			sourceTree = "<group>";
		};
		E77CE5611FBEC04500A120B2 /* FitHubUITests */ = {
			isa = PBXGroup;
			children = (
				E77CE5621FBEC04500A120B2 /* FitHubUITests.swift */,
				E77CE5641FBEC04500A120B2 /* Info.plist */,
			);
			path = FitHubUITests;
			sourceTree = "<group>";
		};
		F5EF5CCB3F07069AD11315EF /* Pods */ = {
			isa = PBXGroup;
			children = (
				89905B76143CFD45D9D78DE2 /* Pods-FitHub.debug.xcconfig */,
				6997D6C2A0F99CAC8347C059 /* Pods-FitHub.release.xcconfig */,
			);
			name = Pods;
			sourceTree = "<group>";
		};
/* End PBXGroup section */

/* Begin PBXNativeTarget section */
		E77CE53E1FBEC04500A120B2 /* FitHub */ = {
			isa = PBXNativeTarget;
			buildConfigurationList = E77CE5671FBEC04500A120B2 /* Build configuration list for PBXNativeTarget "FitHub" */;
			buildPhases = (
				6B0ED392EDC7346F04BE07AB /* [CP] Check Pods Manifest.lock */,
				E77CE53B1FBEC04500A120B2 /* Sources */,
				E77CE53C1FBEC04500A120B2 /* Frameworks */,
				E77CE53D1FBEC04500A120B2 /* Resources */,
				B7E452399CE94DEE8625E5F7 /* [CP] Embed Pods Frameworks */,
				7B955D9217D03353E191183D /* [CP] Copy Pods Resources */,
			);
			buildRules = (
			);
			dependencies = (
			);
			name = FitHub;
			productName = FitHub;
			productReference = E77CE53F1FBEC04500A120B2 /* FitHub.app */;
			productType = "com.apple.product-type.application";
		};
		E77CE5521FBEC04500A120B2 /* FitHubTests */ = {
			isa = PBXNativeTarget;
			buildConfigurationList = E77CE56A1FBEC04500A120B2 /* Build configuration list for PBXNativeTarget "FitHubTests" */;
			buildPhases = (
				E77CE54F1FBEC04500A120B2 /* Sources */,
				E77CE5501FBEC04500A120B2 /* Frameworks */,
				E77CE5511FBEC04500A120B2 /* Resources */,
			);
			buildRules = (
			);
			dependencies = (
				E77CE5551FBEC04500A120B2 /* PBXTargetDependency */,
			);
			name = FitHubTests;
			productName = FitHubTests;
			productReference = E77CE5531FBEC04500A120B2 /* FitHubTests.xctest */;
			productType = "com.apple.product-type.bundle.unit-test";
		};
		E77CE55D1FBEC04500A120B2 /* FitHubUITests */ = {
			isa = PBXNativeTarget;
			buildConfigurationList = E77CE56D1FBEC04500A120B2 /* Build configuration list for PBXNativeTarget "FitHubUITests" */;
			buildPhases = (
				E77CE55A1FBEC04500A120B2 /* Sources */,
				E77CE55B1FBEC04500A120B2 /* Frameworks */,
				E77CE55C1FBEC04500A120B2 /* Resources */,
			);
			buildRules = (
			);
			dependencies = (
				E77CE5601FBEC04500A120B2 /* PBXTargetDependency */,
			);
			name = FitHubUITests;
			productName = FitHubUITests;
			productReference = E77CE55E1FBEC04500A120B2 /* FitHubUITests.xctest */;
			productType = "com.apple.product-type.bundle.ui-testing";
		};
/* End PBXNativeTarget section */

/* Begin PBXProject section */
		E77CE5371FBEC04500A120B2 /* Project object */ = {
			isa = PBXProject;
			attributes = {
				LastSwiftUpdateCheck = 0910;
				LastUpgradeCheck = 0910;
				ORGANIZATIONNAME = Cyrill;
				TargetAttributes = {
					E77CE53E1FBEC04500A120B2 = {
						CreatedOnToolsVersion = 9.1;
						ProvisioningStyle = Automatic;
					};
					E77CE5521FBEC04500A120B2 = {
						CreatedOnToolsVersion = 9.1;
						ProvisioningStyle = Automatic;
						TestTargetID = E77CE53E1FBEC04500A120B2;
					};
					E77CE55D1FBEC04500A120B2 = {
						CreatedOnToolsVersion = 9.1;
						ProvisioningStyle = Automatic;
						TestTargetID = E77CE53E1FBEC04500A120B2;
					};
				};
			};
			buildConfigurationList = E77CE53A1FBEC04500A120B2 /* Build configuration list for PBXProject "FitHub" */;
			compatibilityVersion = "Xcode 8.0";
			developmentRegion = en;
			hasScannedForEncodings = 0;
			knownRegions = (
				en,
				Base,
			);
			mainGroup = E77CE5361FBEC04500A120B2;
			productRefGroup = E77CE5401FBEC04500A120B2 /* Products */;
			projectDirPath = "";
			projectRoot = "";
			targets = (
				E77CE53E1FBEC04500A120B2 /* FitHub */,
				E77CE5521FBEC04500A120B2 /* FitHubTests */,
				E77CE55D1FBEC04500A120B2 /* FitHubUITests */,
			);
		};
/* End PBXProject section */

/* Begin PBXResourcesBuildPhase section */
		E77CE53D1FBEC04500A120B2 /* Resources */ = {
			isa = PBXResourcesBuildPhase;
			buildActionMask = 2147483647;
			files = (
				E77CE54D1FBEC04500A120B2 /* LaunchScreen.storyboard in Resources */,
				E77CE54A1FBEC04500A120B2 /* Assets.xcassets in Resources */,
				E77CE5481FBEC04500A120B2 /* Main.storyboard in Resources */,
				E7403E0F1FC402FA003054D7 /* Home.storyboard in Resources */,
				E74608611FC5769800951AEF /* UserTableViewCell.xib in Resources */,
			);
			runOnlyForDeploymentPostprocessing = 0;
		};
		E77CE5511FBEC04500A120B2 /* Resources */ = {
			isa = PBXResourcesBuildPhase;
			buildActionMask = 2147483647;
			files = (
			);
			runOnlyForDeploymentPostprocessing = 0;
		};
		E77CE55C1FBEC04500A120B2 /* Resources */ = {
			isa = PBXResourcesBuildPhase;
			buildActionMask = 2147483647;
			files = (
			);
			runOnlyForDeploymentPostprocessing = 0;
		};
/* End PBXResourcesBuildPhase section */

/* Begin PBXShellScriptBuildPhase section */
		6B0ED392EDC7346F04BE07AB /* [CP] Check Pods Manifest.lock */ = {
			isa = PBXShellScriptBuildPhase;
			buildActionMask = 2147483647;
			files = (
			);
			inputPaths = (
			);
			name = "[CP] Check Pods Manifest.lock";
			outputPaths = (
			);
			runOnlyForDeploymentPostprocessing = 0;
			shellPath = /bin/sh;
			shellScript = "diff \"${PODS_PODFILE_DIR_PATH}/Podfile.lock\" \"${PODS_ROOT}/Manifest.lock\" > /dev/null\nif [ $? != 0 ] ; then\n    # print error to STDERR\n    echo \"error: The sandbox is not in sync with the Podfile.lock. Run 'pod install' or update your CocoaPods installation.\" >&2\n    exit 1\nfi\n";
			showEnvVarsInLog = 0;
		};
		7B955D9217D03353E191183D /* [CP] Copy Pods Resources */ = {
			isa = PBXShellScriptBuildPhase;
			buildActionMask = 2147483647;
			files = (
			);
			inputPaths = (
			);
			name = "[CP] Copy Pods Resources";
			outputPaths = (
			);
			runOnlyForDeploymentPostprocessing = 0;
			shellPath = /bin/sh;
			shellScript = "\"${SRCROOT}/Pods/Target Support Files/Pods-FitHub/Pods-FitHub-resources.sh\"\n";
			showEnvVarsInLog = 0;
		};
		B7E452399CE94DEE8625E5F7 /* [CP] Embed Pods Frameworks */ = {
			isa = PBXShellScriptBuildPhase;
			buildActionMask = 2147483647;
			files = (
			);
			inputPaths = (
			);
			name = "[CP] Embed Pods Frameworks";
			outputPaths = (
			);
			runOnlyForDeploymentPostprocessing = 0;
			shellPath = /bin/sh;
			shellScript = "\"${SRCROOT}/Pods/Target Support Files/Pods-FitHub/Pods-FitHub-frameworks.sh\"\n";
			showEnvVarsInLog = 0;
		};
/* End PBXShellScriptBuildPhase section */

/* Begin PBXSourcesBuildPhase section */
		E77CE53B1FBEC04500A120B2 /* Sources */ = {
			isa = PBXSourcesBuildPhase;
			buildActionMask = 2147483647;
			files = (
				E7403E011FC3FCD4003054D7 /* BaseNavigationController.swift in Sources */,
				E73789861FC666FA003373B7 /* RepositoryModel.swift in Sources */,
				E7403E0B1FC3FE13003054D7 /* NavigationController.swift in Sources */,
				E74608531FC518E100951AEF /* UIColor+FitHub.swift in Sources */,
				E746084F1FC5117B00951AEF /* UIImage+FitHub.swift in Sources */,
				E746085B1FC541FF00951AEF /* NetworkManager.swift in Sources */,
				E746084D1FC510B800951AEF /* UICollectionView+FitHub.swift in Sources */,
				E74608511FC5151E00951AEF /* UIView+FitHub.swift in Sources */,
				E7403E091FC3FDAC003054D7 /* MeViewController.swift in Sources */,
				E746085D1FC551D100951AEF /* UserModel.swift in Sources */,
				E74608571FC51D1300951AEF /* UITableView+FitHub.swift in Sources */,
				E74608601FC5769800951AEF /* UserTableViewCell.swift in Sources */,
				E77CE5431FBEC04500A120B2 /* AppDelegate.swift in Sources */,
				E7403E051FC3FD08003054D7 /* TabBarController.swift in Sources */,
				E7403E0D1FC4001D003054D7 /* NavigationBar.swift in Sources */,
				E7403DFF1FC3FCB0003054D7 /* BaseViewController.swift in Sources */,
				E7403E031FC3FCF5003054D7 /* TabBar.swift in Sources */,
				E73789841FC65C05003373B7 /* UserDetailViewController.swift in Sources */,
				E74608551FC51B1500951AEF /* UIImageView+FitHub.swift in Sources */,
				E7403E071FC3FD8D003054D7 /* HomeViewController.swift in Sources */,
			);
			runOnlyForDeploymentPostprocessing = 0;
		};
		E77CE54F1FBEC04500A120B2 /* Sources */ = {
			isa = PBXSourcesBuildPhase;
			buildActionMask = 2147483647;
			files = (
				E77CE5581FBEC04500A120B2 /* FitHubTests.swift in Sources */,
			);
			runOnlyForDeploymentPostprocessing = 0;
		};
		E77CE55A1FBEC04500A120B2 /* Sources */ = {
			isa = PBXSourcesBuildPhase;
			buildActionMask = 2147483647;
			files = (
				E77CE5631FBEC04500A120B2 /* FitHubUITests.swift in Sources */,
			);
			runOnlyForDeploymentPostprocessing = 0;
		};
/* End PBXSourcesBuildPhase section */

/* Begin PBXTargetDependency section */
		E77CE5551FBEC04500A120B2 /* PBXTargetDependency */ = {
			isa = PBXTargetDependency;
			target = E77CE53E1FBEC04500A120B2 /* FitHub */;
			targetProxy = E77CE5541FBEC04500A120B2 /* PBXContainerItemProxy */;
		};
		E77CE5601FBEC04500A120B2 /* PBXTargetDependency */ = {
			isa = PBXTargetDependency;
			target = E77CE53E1FBEC04500A120B2 /* FitHub */;
			targetProxy = E77CE55F1FBEC04500A120B2 /* PBXContainerItemProxy */;
		};
/* End PBXTargetDependency section */

/* Begin PBXVariantGroup section */
		E77CE5461FBEC04500A120B2 /* Main.storyboard */ = {
			isa = PBXVariantGroup;
			children = (
				E77CE5471FBEC04500A120B2 /* Base */,
			);
			name = Main.storyboard;
			sourceTree = "<group>";
		};
		E77CE54B1FBEC04500A120B2 /* LaunchScreen.storyboard */ = {
			isa = PBXVariantGroup;
			children = (
				E77CE54C1FBEC04500A120B2 /* Base */,
			);
			name = LaunchScreen.storyboard;
			sourceTree = "<group>";
		};
/* End PBXVariantGroup section */

/* Begin XCBuildConfiguration section */
		E77CE5651FBEC04500A120B2 /* Debug */ = {
			isa = XCBuildConfiguration;
			buildSettings = {
				ALWAYS_SEARCH_USER_PATHS = NO;
				CLANG_ANALYZER_NONNULL = YES;
				CLANG_ANALYZER_NUMBER_OBJECT_CONVERSION = YES_AGGRESSIVE;
				CLANG_CXX_LANGUAGE_STANDARD = "gnu++14";
				CLANG_CXX_LIBRARY = "libc++";
				CLANG_ENABLE_MODULES = YES;
				CLANG_ENABLE_OBJC_ARC = YES;
				CLANG_WARN_BLOCK_CAPTURE_AUTORELEASING = YES;
				CLANG_WARN_BOOL_CONVERSION = YES;
				CLANG_WARN_COMMA = YES;
				CLANG_WARN_CONSTANT_CONVERSION = YES;
				CLANG_WARN_DIRECT_OBJC_ISA_USAGE = YES_ERROR;
				CLANG_WARN_DOCUMENTATION_COMMENTS = YES;
				CLANG_WARN_EMPTY_BODY = YES;
				CLANG_WARN_ENUM_CONVERSION = YES;
				CLANG_WARN_INFINITE_RECURSION = YES;
				CLANG_WARN_INT_CONVERSION = YES;
				CLANG_WARN_NON_LITERAL_NULL_CONVERSION = YES;
				CLANG_WARN_OBJC_LITERAL_CONVERSION = YES;
				CLANG_WARN_OBJC_ROOT_CLASS = YES_ERROR;
				CLANG_WARN_RANGE_LOOP_ANALYSIS = YES;
				CLANG_WARN_STRICT_PROTOTYPES = YES;
				CLANG_WARN_SUSPICIOUS_MOVE = YES;
				CLANG_WARN_UNGUARDED_AVAILABILITY = YES_AGGRESSIVE;
				CLANG_WARN_UNREACHABLE_CODE = YES;
				CLANG_WARN__DUPLICATE_METHOD_MATCH = YES;
				CODE_SIGN_IDENTITY = "iPhone Developer";
				COPY_PHASE_STRIP = NO;
				DEBUG_INFORMATION_FORMAT = dwarf;
				ENABLE_STRICT_OBJC_MSGSEND = YES;
				ENABLE_TESTABILITY = YES;
				GCC_C_LANGUAGE_STANDARD = gnu11;
				GCC_DYNAMIC_NO_PIC = NO;
				GCC_NO_COMMON_BLOCKS = YES;
				GCC_OPTIMIZATION_LEVEL = 0;
				GCC_PREPROCESSOR_DEFINITIONS = (
					"DEBUG=1",
					"$(inherited)",
				);
				GCC_WARN_64_TO_32_BIT_CONVERSION = YES;
				GCC_WARN_ABOUT_RETURN_TYPE = YES_ERROR;
				GCC_WARN_UNDECLARED_SELECTOR = YES;
				GCC_WARN_UNINITIALIZED_AUTOS = YES_AGGRESSIVE;
				GCC_WARN_UNUSED_FUNCTION = YES;
				GCC_WARN_UNUSED_VARIABLE = YES;
				IPHONEOS_DEPLOYMENT_TARGET = 11.1;
				MTL_ENABLE_DEBUG_INFO = YES;
				ONLY_ACTIVE_ARCH = YES;
				SDKROOT = iphoneos;
				SWIFT_ACTIVE_COMPILATION_CONDITIONS = DEBUG;
				SWIFT_OPTIMIZATION_LEVEL = "-Onone";
			};
			name = Debug;
		};
		E77CE5661FBEC04500A120B2 /* Release */ = {
			isa = XCBuildConfiguration;
			buildSettings = {
				ALWAYS_SEARCH_USER_PATHS = NO;
				CLANG_ANALYZER_NONNULL = YES;
				CLANG_ANALYZER_NUMBER_OBJECT_CONVERSION = YES_AGGRESSIVE;
				CLANG_CXX_LANGUAGE_STANDARD = "gnu++14";
				CLANG_CXX_LIBRARY = "libc++";
				CLANG_ENABLE_MODULES = YES;
				CLANG_ENABLE_OBJC_ARC = YES;
				CLANG_WARN_BLOCK_CAPTURE_AUTORELEASING = YES;
				CLANG_WARN_BOOL_CONVERSION = YES;
				CLANG_WARN_COMMA = YES;
				CLANG_WARN_CONSTANT_CONVERSION = YES;
				CLANG_WARN_DIRECT_OBJC_ISA_USAGE = YES_ERROR;
				CLANG_WARN_DOCUMENTATION_COMMENTS = YES;
				CLANG_WARN_EMPTY_BODY = YES;
				CLANG_WARN_ENUM_CONVERSION = YES;
				CLANG_WARN_INFINITE_RECURSION = YES;
				CLANG_WARN_INT_CONVERSION = YES;
				CLANG_WARN_NON_LITERAL_NULL_CONVERSION = YES;
				CLANG_WARN_OBJC_LITERAL_CONVERSION = YES;
				CLANG_WARN_OBJC_ROOT_CLASS = YES_ERROR;
				CLANG_WARN_RANGE_LOOP_ANALYSIS = YES;
				CLANG_WARN_STRICT_PROTOTYPES = YES;
				CLANG_WARN_SUSPICIOUS_MOVE = YES;
				CLANG_WARN_UNGUARDED_AVAILABILITY = YES_AGGRESSIVE;
				CLANG_WARN_UNREACHABLE_CODE = YES;
				CLANG_WARN__DUPLICATE_METHOD_MATCH = YES;
				CODE_SIGN_IDENTITY = "iPhone Developer";
				COPY_PHASE_STRIP = NO;
				DEBUG_INFORMATION_FORMAT = "dwarf-with-dsym";
				ENABLE_NS_ASSERTIONS = NO;
				ENABLE_STRICT_OBJC_MSGSEND = YES;
				GCC_C_LANGUAGE_STANDARD = gnu11;
				GCC_NO_COMMON_BLOCKS = YES;
				GCC_WARN_64_TO_32_BIT_CONVERSION = YES;
				GCC_WARN_ABOUT_RETURN_TYPE = YES_ERROR;
				GCC_WARN_UNDECLARED_SELECTOR = YES;
				GCC_WARN_UNINITIALIZED_AUTOS = YES_AGGRESSIVE;
				GCC_WARN_UNUSED_FUNCTION = YES;
				GCC_WARN_UNUSED_VARIABLE = YES;
				IPHONEOS_DEPLOYMENT_TARGET = 11.1;
				MTL_ENABLE_DEBUG_INFO = NO;
				SDKROOT = iphoneos;
				SWIFT_OPTIMIZATION_LEVEL = "-Owholemodule";
				VALIDATE_PRODUCT = YES;
			};
			name = Release;
		};
		E77CE5681FBEC04500A120B2 /* Debug */ = {
			isa = XCBuildConfiguration;
			baseConfigurationReference = 89905B76143CFD45D9D78DE2 /* Pods-FitHub.debug.xcconfig */;
			buildSettings = {
				ASSETCATALOG_COMPILER_APPICON_NAME = AppIcon;
				CODE_SIGN_STYLE = Automatic;
				DEVELOPMENT_TEAM = 3SL26X62NP;
				INFOPLIST_FILE = FitHub/Info.plist;
				LD_RUNPATH_SEARCH_PATHS = "$(inherited) @executable_path/Frameworks";
				PRODUCT_BUNDLE_IDENTIFIER = com.cyrill.FitHub;
				PRODUCT_NAME = "$(TARGET_NAME)";
				SWIFT_VERSION = 4.0;
				TARGETED_DEVICE_FAMILY = "1,2";
			};
			name = Debug;
		};
		E77CE5691FBEC04500A120B2 /* Release */ = {
			isa = XCBuildConfiguration;
			baseConfigurationReference = 6997D6C2A0F99CAC8347C059 /* Pods-FitHub.release.xcconfig */;
			buildSettings = {
				ASSETCATALOG_COMPILER_APPICON_NAME = AppIcon;
				CODE_SIGN_STYLE = Automatic;
				DEVELOPMENT_TEAM = 3SL26X62NP;
				INFOPLIST_FILE = FitHub/Info.plist;
				LD_RUNPATH_SEARCH_PATHS = "$(inherited) @executable_path/Frameworks";
				PRODUCT_BUNDLE_IDENTIFIER = com.cyrill.FitHub;
				PRODUCT_NAME = "$(TARGET_NAME)";
				SWIFT_VERSION = 4.0;
				TARGETED_DEVICE_FAMILY = "1,2";
			};
			name = Release;
		};
		E77CE56B1FBEC04500A120B2 /* Debug */ = {
			isa = XCBuildConfiguration;
			buildSettings = {
				ALWAYS_EMBED_SWIFT_STANDARD_LIBRARIES = YES;
				BUNDLE_LOADER = "$(TEST_HOST)";
				CODE_SIGN_STYLE = Automatic;
				DEVELOPMENT_TEAM = 3SL26X62NP;
				INFOPLIST_FILE = FitHubTests/Info.plist;
				LD_RUNPATH_SEARCH_PATHS = "$(inherited) @executable_path/Frameworks @loader_path/Frameworks";
				PRODUCT_BUNDLE_IDENTIFIER = com.cyrill.FitHubTests;
				PRODUCT_NAME = "$(TARGET_NAME)";
				SWIFT_VERSION = 4.0;
				TARGETED_DEVICE_FAMILY = "1,2";
				TEST_HOST = "$(BUILT_PRODUCTS_DIR)/FitHub.app/FitHub";
			};
			name = Debug;
		};
		E77CE56C1FBEC04500A120B2 /* Release */ = {
			isa = XCBuildConfiguration;
			buildSettings = {
				ALWAYS_EMBED_SWIFT_STANDARD_LIBRARIES = YES;
				BUNDLE_LOADER = "$(TEST_HOST)";
				CODE_SIGN_STYLE = Automatic;
				DEVELOPMENT_TEAM = 3SL26X62NP;
				INFOPLIST_FILE = FitHubTests/Info.plist;
				LD_RUNPATH_SEARCH_PATHS = "$(inherited) @executable_path/Frameworks @loader_path/Frameworks";
				PRODUCT_BUNDLE_IDENTIFIER = com.cyrill.FitHubTests;
				PRODUCT_NAME = "$(TARGET_NAME)";
				SWIFT_VERSION = 4.0;
				TARGETED_DEVICE_FAMILY = "1,2";
				TEST_HOST = "$(BUILT_PRODUCTS_DIR)/FitHub.app/FitHub";
			};
			name = Release;
		};
		E77CE56E1FBEC04500A120B2 /* Debug */ = {
			isa = XCBuildConfiguration;
			buildSettings = {
				ALWAYS_EMBED_SWIFT_STANDARD_LIBRARIES = YES;
				CODE_SIGN_STYLE = Automatic;
				DEVELOPMENT_TEAM = 3SL26X62NP;
				INFOPLIST_FILE = FitHubUITests/Info.plist;
				LD_RUNPATH_SEARCH_PATHS = "$(inherited) @executable_path/Frameworks @loader_path/Frameworks";
				PRODUCT_BUNDLE_IDENTIFIER = com.cyrill.FitHubUITests;
				PRODUCT_NAME = "$(TARGET_NAME)";
				SWIFT_VERSION = 4.0;
				TARGETED_DEVICE_FAMILY = "1,2";
				TEST_TARGET_NAME = FitHub;
			};
			name = Debug;
		};
		E77CE56F1FBEC04500A120B2 /* Release */ = {
			isa = XCBuildConfiguration;
			buildSettings = {
				ALWAYS_EMBED_SWIFT_STANDARD_LIBRARIES = YES;
				CODE_SIGN_STYLE = Automatic;
				DEVELOPMENT_TEAM = 3SL26X62NP;
				INFOPLIST_FILE = FitHubUITests/Info.plist;
				LD_RUNPATH_SEARCH_PATHS = "$(inherited) @executable_path/Frameworks @loader_path/Frameworks";
				PRODUCT_BUNDLE_IDENTIFIER = com.cyrill.FitHubUITests;
				PRODUCT_NAME = "$(TARGET_NAME)";
				SWIFT_VERSION = 4.0;
				TARGETED_DEVICE_FAMILY = "1,2";
				TEST_TARGET_NAME = FitHub;
			};
			name = Release;
		};
/* End XCBuildConfiguration section */

/* Begin XCConfigurationList section */
		E77CE53A1FBEC04500A120B2 /* Build configuration list for PBXProject "FitHub" */ = {
			isa = XCConfigurationList;
			buildConfigurations = (
				E77CE5651FBEC04500A120B2 /* Debug */,
				E77CE5661FBEC04500A120B2 /* Release */,
			);
			defaultConfigurationIsVisible = 0;
			defaultConfigurationName = Release;
		};
		E77CE5671FBEC04500A120B2 /* Build configuration list for PBXNativeTarget "FitHub" */ = {
			isa = XCConfigurationList;
			buildConfigurations = (
				E77CE5681FBEC04500A120B2 /* Debug */,
				E77CE5691FBEC04500A120B2 /* Release */,
			);
			defaultConfigurationIsVisible = 0;
			defaultConfigurationName = Release;
		};
		E77CE56A1FBEC04500A120B2 /* Build configuration list for PBXNativeTarget "FitHubTests" */ = {
			isa = XCConfigurationList;
			buildConfigurations = (
				E77CE56B1FBEC04500A120B2 /* Debug */,
				E77CE56C1FBEC04500A120B2 /* Release */,
			);
			defaultConfigurationIsVisible = 0;
			defaultConfigurationName = Release;
		};
		E77CE56D1FBEC04500A120B2 /* Build configuration list for PBXNativeTarget "FitHubUITests" */ = {
			isa = XCConfigurationList;
			buildConfigurations = (
				E77CE56E1FBEC04500A120B2 /* Debug */,
				E77CE56F1FBEC04500A120B2 /* Release */,
			);
			defaultConfigurationIsVisible = 0;
			defaultConfigurationName = Release;
		};
/* End XCConfigurationList section */
	};
	rootObject = E77CE5371FBEC04500A120B2 /* Project object */;
}
